// !$*UTF8*$!
{
	archiveVersion = 1;
	classes = {
	};
	objectVersion = 55;
	objects = {

/* Begin PBXBuildFile section */
		1686DBD028E47D8A00895D92 /* RecentsView.swift in Sources */ = {isa = PBXBuildFile; fileRef = 1686DBCF28E47D8A00895D92 /* RecentsView.swift */; };
		1697672428E4830B0021BFC5 /* GatewayClients.swift in Sources */ = {isa = PBXBuildFile; fileRef = 1697672328E4830B0021BFC5 /* GatewayClients.swift */; };
		1697672628E483F60021BFC5 /* GatewayClientsHandler.swift in Sources */ = {isa = PBXBuildFile; fileRef = 1697672528E483F60021BFC5 /* GatewayClientsHandler.swift */; };
		1697672828E489040021BFC5 /* PlatformsHandler.swift in Sources */ = {isa = PBXBuildFile; fileRef = 1697672728E489040021BFC5 /* PlatformsHandler.swift */; };
		16B43B202915CDDC004AEF1F /* TextView.swift in Sources */ = {isa = PBXBuildFile; fileRef = 16B43B1F2915CDDC004AEF1F /* TextView.swift */; };
		16EDE37828CB347E00E50393 /* SynchronizeView.swift in Sources */ = {isa = PBXBuildFile; fileRef = 16EDE37728CB347E00E50393 /* SynchronizeView.swift */; };
		16EDE37C28CE055D00E50393 /* Synchronization.swift in Sources */ = {isa = PBXBuildFile; fileRef = 16EDE37B28CE055D00E50393 /* Synchronization.swift */; };
		16EDE37E28CE5CA300E50393 /* PasswordView.swift in Sources */ = {isa = PBXBuildFile; fileRef = 16EDE37D28CE5CA300E50393 /* PasswordView.swift */; };
		16EDE38028D0D23000E50393 /* CSecurity.swift in Sources */ = {isa = PBXBuildFile; fileRef = 16EDE37F28D0D23000E50393 /* CSecurity.swift */; };
		16EDE38228D223F300E50393 /* PublisherHandler.swift in Sources */ = {isa = PBXBuildFile; fileRef = 16EDE38128D223F300E50393 /* PublisherHandler.swift */; };
		16EDE38528D2331C00E50393 /* Datastore.xcdatamodeld in Sources */ = {isa = PBXBuildFile; fileRef = 16EDE38328D2331C00E50393 /* Datastore.xcdatamodeld */; };
		16EDE38928D3511700E50393 /* DataController.swift in Sources */ = {isa = PBXBuildFile; fileRef = 16EDE38828D3511700E50393 /* DataController.swift */; };
		16EDE38B28D356EB00E50393 /* AvailablePlatformsView.swift in Sources */ = {isa = PBXBuildFile; fileRef = 16EDE38A28D356EA00E50393 /* AvailablePlatformsView.swift */; };
		16F0E68328C6308600FDD12C /* SMSWithoutBorders_ProductionApp.swift in Sources */ = {isa = PBXBuildFile; fileRef = 16F0E68228C6308600FDD12C /* SMSWithoutBorders_ProductionApp.swift */; };
		16F0E68528C6308600FDD12C /* EmailView.swift in Sources */ = {isa = PBXBuildFile; fileRef = 16F0E68428C6308600FDD12C /* EmailView.swift */; };
		16F0E68728C6308800FDD12C /* Assets.xcassets in Resources */ = {isa = PBXBuildFile; fileRef = 16F0E68628C6308800FDD12C /* Assets.xcassets */; };
		16F0E68A28C6308800FDD12C /* Preview Assets.xcassets in Resources */ = {isa = PBXBuildFile; fileRef = 16F0E68928C6308800FDD12C /* Preview Assets.xcassets */; };
		16F0E69428C6308800FDD12C /* SMSWithoutBorders_ProductionTests.swift in Sources */ = {isa = PBXBuildFile; fileRef = 16F0E69328C6308800FDD12C /* SMSWithoutBorders_ProductionTests.swift */; };
		16F0E69E28C6308800FDD12C /* SMSWithoutBorders_ProductionUITests.swift in Sources */ = {isa = PBXBuildFile; fileRef = 16F0E69D28C6308800FDD12C /* SMSWithoutBorders_ProductionUITests.swift */; };
		16F0E6A028C6308800FDD12C /* SMSWithoutBorders_ProductionUITestsLaunchTests.swift in Sources */ = {isa = PBXBuildFile; fileRef = 16F0E69F28C6308800FDD12C /* SMSWithoutBorders_ProductionUITestsLaunchTests.swift */; };
		16F0E6B228C80B8700FDD12C /* CryptoExportImportManager.swift in Sources */ = {isa = PBXBuildFile; fileRef = 16F0E6B128C80B8700FDD12C /* CryptoExportImportManager.swift */; };
		16F0E6B528C80C0900FDD12C /* SecurityRSAEncryption.swift in Sources */ = {isa = PBXBuildFile; fileRef = 16F0E6B428C80C0900FDD12C /* SecurityRSAEncryption.swift */; };
		16F0E6D028CA16AF00FDD12C /* SecurityAESEncryption.swift in Sources */ = {isa = PBXBuildFile; fileRef = 16F0E6CF28CA16AF00FDD12C /* SecurityAESEncryption.swift */; };
		16F19F2228FF4BD900AC2F2B /* AvailablePlatformView.swift in Sources */ = {isa = PBXBuildFile; fileRef = 16F19F2128FF4BD900AC2F2B /* AvailablePlatformView.swift */; };
		16F19F2A2903D44E00AC2F2B /* EncryptedContentHandler.swift in Sources */ = {isa = PBXBuildFile; fileRef = 16F19F292903D44E00AC2F2B /* EncryptedContentHandler.swift */; };
		16F19F2C2904973C00AC2F2B /* RecentsEncryptedContentView.swift in Sources */ = {isa = PBXBuildFile; fileRef = 16F19F2B2904973C00AC2F2B /* RecentsEncryptedContentView.swift */; };
		16F19F2E2906DECA00AC2F2B /* SpinnerView.swift in Sources */ = {isa = PBXBuildFile; fileRef = 16F19F2D2906DECA00AC2F2B /* SpinnerView.swift */; };
/* End PBXBuildFile section */

/* Begin PBXContainerItemProxy section */
		16F0E69028C6308800FDD12C /* PBXContainerItemProxy */ = {
			isa = PBXContainerItemProxy;
			containerPortal = 16F0E67728C6308600FDD12C /* Project object */;
			proxyType = 1;
			remoteGlobalIDString = 16F0E67E28C6308600FDD12C;
			remoteInfo = "SMSWithoutBorders-Production";
		};
		16F0E69A28C6308800FDD12C /* PBXContainerItemProxy */ = {
			isa = PBXContainerItemProxy;
			containerPortal = 16F0E67728C6308600FDD12C /* Project object */;
			proxyType = 1;
			remoteGlobalIDString = 16F0E67E28C6308600FDD12C;
			remoteInfo = "SMSWithoutBorders-Production";
		};
/* End PBXContainerItemProxy section */

/* Begin PBXFileReference section */
		1686DBCF28E47D8A00895D92 /* RecentsView.swift */ = {isa = PBXFileReference; lastKnownFileType = sourcecode.swift; path = RecentsView.swift; sourceTree = "<group>"; };
		1697672328E4830B0021BFC5 /* GatewayClients.swift */ = {isa = PBXFileReference; lastKnownFileType = sourcecode.swift; path = GatewayClients.swift; sourceTree = "<group>"; };
		1697672528E483F60021BFC5 /* GatewayClientsHandler.swift */ = {isa = PBXFileReference; lastKnownFileType = sourcecode.swift; path = GatewayClientsHandler.swift; sourceTree = "<group>"; };
		1697672728E489040021BFC5 /* PlatformsHandler.swift */ = {isa = PBXFileReference; lastKnownFileType = sourcecode.swift; path = PlatformsHandler.swift; sourceTree = "<group>"; };
		16B43B1F2915CDDC004AEF1F /* TextView.swift */ = {isa = PBXFileReference; lastKnownFileType = sourcecode.swift; path = TextView.swift; sourceTree = "<group>"; };
		16EDE37728CB347E00E50393 /* SynchronizeView.swift */ = {isa = PBXFileReference; lastKnownFileType = sourcecode.swift; path = SynchronizeView.swift; sourceTree = "<group>"; };
		16EDE37928CBA1A300E50393 /* Info.plist */ = {isa = PBXFileReference; lastKnownFileType = text.plist; path = Info.plist; sourceTree = "<group>"; };
		16EDE37A28CC936200E50393 /* SMSWithoutBorders-Production.entitlements */ = {isa = PBXFileReference; lastKnownFileType = text.plist.entitlements; path = "SMSWithoutBorders-Production.entitlements"; sourceTree = "<group>"; };
		16EDE37B28CE055D00E50393 /* Synchronization.swift */ = {isa = PBXFileReference; lastKnownFileType = sourcecode.swift; path = Synchronization.swift; sourceTree = "<group>"; };
		16EDE37D28CE5CA300E50393 /* PasswordView.swift */ = {isa = PBXFileReference; lastKnownFileType = sourcecode.swift; path = PasswordView.swift; sourceTree = "<group>"; };
		16EDE37F28D0D23000E50393 /* CSecurity.swift */ = {isa = PBXFileReference; lastKnownFileType = sourcecode.swift; path = CSecurity.swift; sourceTree = "<group>"; };
		16EDE38128D223F300E50393 /* PublisherHandler.swift */ = {isa = PBXFileReference; lastKnownFileType = sourcecode.swift; path = PublisherHandler.swift; sourceTree = "<group>"; };
		16EDE38428D2331C00E50393 /* PlatformModels.xcdatamodel */ = {isa = PBXFileReference; lastKnownFileType = wrapper.xcdatamodel; path = PlatformModels.xcdatamodel; sourceTree = "<group>"; };
		16EDE38828D3511700E50393 /* DataController.swift */ = {isa = PBXFileReference; lastKnownFileType = sourcecode.swift; path = DataController.swift; sourceTree = "<group>"; };
		16EDE38A28D356EA00E50393 /* AvailablePlatformsView.swift */ = {isa = PBXFileReference; lastKnownFileType = sourcecode.swift; path = AvailablePlatformsView.swift; sourceTree = "<group>"; };
		16F0E67F28C6308600FDD12C /* SMSWithoutBorders.app */ = {isa = PBXFileReference; explicitFileType = wrapper.application; includeInIndex = 0; path = SMSWithoutBorders.app; sourceTree = BUILT_PRODUCTS_DIR; };
		16F0E68228C6308600FDD12C /* SMSWithoutBorders_ProductionApp.swift */ = {isa = PBXFileReference; lastKnownFileType = sourcecode.swift; path = SMSWithoutBorders_ProductionApp.swift; sourceTree = "<group>"; };
		16F0E68428C6308600FDD12C /* EmailView.swift */ = {isa = PBXFileReference; lastKnownFileType = sourcecode.swift; path = EmailView.swift; sourceTree = "<group>"; };
		16F0E68628C6308800FDD12C /* Assets.xcassets */ = {isa = PBXFileReference; lastKnownFileType = folder.assetcatalog; path = Assets.xcassets; sourceTree = "<group>"; };
		16F0E68928C6308800FDD12C /* Preview Assets.xcassets */ = {isa = PBXFileReference; lastKnownFileType = folder.assetcatalog; path = "Preview Assets.xcassets"; sourceTree = "<group>"; };
		16F0E68F28C6308800FDD12C /* SMSWithoutBorders-ProductionTests.xctest */ = {isa = PBXFileReference; explicitFileType = wrapper.cfbundle; includeInIndex = 0; path = "SMSWithoutBorders-ProductionTests.xctest"; sourceTree = BUILT_PRODUCTS_DIR; };
		16F0E69328C6308800FDD12C /* SMSWithoutBorders_ProductionTests.swift */ = {isa = PBXFileReference; lastKnownFileType = sourcecode.swift; path = SMSWithoutBorders_ProductionTests.swift; sourceTree = "<group>"; };
		16F0E69928C6308800FDD12C /* SMSWithoutBorders-ProductionUITests.xctest */ = {isa = PBXFileReference; explicitFileType = wrapper.cfbundle; includeInIndex = 0; path = "SMSWithoutBorders-ProductionUITests.xctest"; sourceTree = BUILT_PRODUCTS_DIR; };
		16F0E69D28C6308800FDD12C /* SMSWithoutBorders_ProductionUITests.swift */ = {isa = PBXFileReference; lastKnownFileType = sourcecode.swift; path = SMSWithoutBorders_ProductionUITests.swift; sourceTree = "<group>"; };
		16F0E69F28C6308800FDD12C /* SMSWithoutBorders_ProductionUITestsLaunchTests.swift */ = {isa = PBXFileReference; lastKnownFileType = sourcecode.swift; path = SMSWithoutBorders_ProductionUITestsLaunchTests.swift; sourceTree = "<group>"; };
		16F0E6B128C80B8700FDD12C /* CryptoExportImportManager.swift */ = {isa = PBXFileReference; fileEncoding = 4; lastKnownFileType = sourcecode.swift; path = CryptoExportImportManager.swift; sourceTree = "<group>"; };
		16F0E6B428C80C0900FDD12C /* SecurityRSAEncryption.swift */ = {isa = PBXFileReference; lastKnownFileType = sourcecode.swift; path = SecurityRSAEncryption.swift; sourceTree = "<group>"; };
		16F0E6CF28CA16AF00FDD12C /* SecurityAESEncryption.swift */ = {isa = PBXFileReference; lastKnownFileType = sourcecode.swift; path = SecurityAESEncryption.swift; sourceTree = "<group>"; };
		16F19F2128FF4BD900AC2F2B /* AvailablePlatformView.swift */ = {isa = PBXFileReference; lastKnownFileType = sourcecode.swift; path = AvailablePlatformView.swift; sourceTree = "<group>"; };
		16F19F292903D44E00AC2F2B /* EncryptedContentHandler.swift */ = {isa = PBXFileReference; lastKnownFileType = sourcecode.swift; path = EncryptedContentHandler.swift; sourceTree = "<group>"; };
		16F19F2B2904973C00AC2F2B /* RecentsEncryptedContentView.swift */ = {isa = PBXFileReference; lastKnownFileType = sourcecode.swift; path = RecentsEncryptedContentView.swift; sourceTree = "<group>"; };
		16F19F2D2906DECA00AC2F2B /* SpinnerView.swift */ = {isa = PBXFileReference; lastKnownFileType = sourcecode.swift; path = SpinnerView.swift; sourceTree = "<group>"; };
/* End PBXFileReference section */

/* Begin PBXFrameworksBuildPhase section */
		16F0E67C28C6308600FDD12C /* Frameworks */ = {
			isa = PBXFrameworksBuildPhase;
			buildActionMask = 2147483647;
			files = (
			);
			runOnlyForDeploymentPostprocessing = 0;
		};
		16F0E68C28C6308800FDD12C /* Frameworks */ = {
			isa = PBXFrameworksBuildPhase;
			buildActionMask = 2147483647;
			files = (
			);
			runOnlyForDeploymentPostprocessing = 0;
		};
		16F0E69628C6308800FDD12C /* Frameworks */ = {
			isa = PBXFrameworksBuildPhase;
			buildActionMask = 2147483647;
			files = (
			);
			runOnlyForDeploymentPostprocessing = 0;
		};
/* End PBXFrameworksBuildPhase section */

/* Begin PBXGroup section */
		16F0E67628C6308600FDD12C = {
			isa = PBXGroup;
			children = (
				16F0E68128C6308600FDD12C /* SMSWithoutBorders-Production */,
				16F0E69228C6308800FDD12C /* SMSWithoutBorders-ProductionTests */,
				16F0E69C28C6308800FDD12C /* SMSWithoutBorders-ProductionUITests */,
				16F0E68028C6308600FDD12C /* Products */,
			);
			sourceTree = "<group>";
		};
		16F0E68028C6308600FDD12C /* Products */ = {
			isa = PBXGroup;
			children = (
				16F0E67F28C6308600FDD12C /* SMSWithoutBorders.app */,
				16F0E68F28C6308800FDD12C /* SMSWithoutBorders-ProductionTests.xctest */,
				16F0E69928C6308800FDD12C /* SMSWithoutBorders-ProductionUITests.xctest */,
			);
			name = Products;
			sourceTree = "<group>";
		};
		16F0E68128C6308600FDD12C /* SMSWithoutBorders-Production */ = {
			isa = PBXGroup;
			children = (
				16EDE37A28CC936200E50393 /* SMSWithoutBorders-Production.entitlements */,
				16EDE37928CBA1A300E50393 /* Info.plist */,
				16F0E6B328C80BBC00FDD12C /* Models */,
				16F0E6B028C80B5700FDD12C /* Commons */,
				16F0E6AC28C6320F00FDD12C /* Views */,
				16F0E68628C6308800FDD12C /* Assets.xcassets */,
				16F0E68828C6308800FDD12C /* Preview Content */,
				16EDE38328D2331C00E50393 /* Datastore.xcdatamodeld */,
			);
			path = "SMSWithoutBorders-Production";
			sourceTree = "<group>";
		};
		16F0E68828C6308800FDD12C /* Preview Content */ = {
			isa = PBXGroup;
			children = (
				16F0E68928C6308800FDD12C /* Preview Assets.xcassets */,
			);
			path = "Preview Content";
			sourceTree = "<group>";
		};
		16F0E69228C6308800FDD12C /* SMSWithoutBorders-ProductionTests */ = {
			isa = PBXGroup;
			children = (
				16F0E69328C6308800FDD12C /* SMSWithoutBorders_ProductionTests.swift */,
			);
			path = "SMSWithoutBorders-ProductionTests";
			sourceTree = "<group>";
		};
		16F0E69C28C6308800FDD12C /* SMSWithoutBorders-ProductionUITests */ = {
			isa = PBXGroup;
			children = (
				16F0E69D28C6308800FDD12C /* SMSWithoutBorders_ProductionUITests.swift */,
				16F0E69F28C6308800FDD12C /* SMSWithoutBorders_ProductionUITestsLaunchTests.swift */,
			);
			path = "SMSWithoutBorders-ProductionUITests";
			sourceTree = "<group>";
		};
		16F0E6AC28C6320F00FDD12C /* Views */ = {
			isa = PBXGroup;
			children = (
				16F0E68428C6308600FDD12C /* EmailView.swift */,
				16F0E68228C6308600FDD12C /* SMSWithoutBorders_ProductionApp.swift */,
				16EDE37728CB347E00E50393 /* SynchronizeView.swift */,
				16EDE37D28CE5CA300E50393 /* PasswordView.swift */,
				16EDE38A28D356EA00E50393 /* AvailablePlatformsView.swift */,
				1686DBCF28E47D8A00895D92 /* RecentsView.swift */,
				16F19F2128FF4BD900AC2F2B /* AvailablePlatformView.swift */,
				16F19F2B2904973C00AC2F2B /* RecentsEncryptedContentView.swift */,
				16F19F2D2906DECA00AC2F2B /* SpinnerView.swift */,
				16B43B1F2915CDDC004AEF1F /* TextView.swift */,
			);
			path = Views;
			sourceTree = "<group>";
		};
		16F0E6B028C80B5700FDD12C /* Commons */ = {
			isa = PBXGroup;
			children = (
				16F0E6B128C80B8700FDD12C /* CryptoExportImportManager.swift */,
			);
			path = Commons;
			sourceTree = "<group>";
		};
		16F0E6B328C80BBC00FDD12C /* Models */ = {
			isa = PBXGroup;
			children = (
				16F0E6B428C80C0900FDD12C /* SecurityRSAEncryption.swift */,
				16F0E6CF28CA16AF00FDD12C /* SecurityAESEncryption.swift */,
				16EDE37B28CE055D00E50393 /* Synchronization.swift */,
				16EDE37F28D0D23000E50393 /* CSecurity.swift */,
				16EDE38128D223F300E50393 /* PublisherHandler.swift */,
				16EDE38828D3511700E50393 /* DataController.swift */,
				1697672328E4830B0021BFC5 /* GatewayClients.swift */,
				1697672528E483F60021BFC5 /* GatewayClientsHandler.swift */,
				1697672728E489040021BFC5 /* PlatformsHandler.swift */,
				16F19F292903D44E00AC2F2B /* EncryptedContentHandler.swift */,
			);
			path = Models;
			sourceTree = "<group>";
		};
/* End PBXGroup section */

/* Begin PBXNativeTarget section */
		16F0E67E28C6308600FDD12C /* SMSWithoutBorders-Production */ = {
			isa = PBXNativeTarget;
			buildConfigurationList = 16F0E6A328C6308800FDD12C /* Build configuration list for PBXNativeTarget "SMSWithoutBorders-Production" */;
			buildPhases = (
				16F0E67B28C6308600FDD12C /* Sources */,
				16F0E67C28C6308600FDD12C /* Frameworks */,
				16F0E67D28C6308600FDD12C /* Resources */,
			);
			buildRules = (
			);
			dependencies = (
			);
			name = "SMSWithoutBorders-Production";
			productName = "SMSWithoutBorders-Production";
			productReference = 16F0E67F28C6308600FDD12C /* SMSWithoutBorders.app */;
			productType = "com.apple.product-type.application";
		};
		16F0E68E28C6308800FDD12C /* SMSWithoutBorders-ProductionTests */ = {
			isa = PBXNativeTarget;
			buildConfigurationList = 16F0E6A628C6308800FDD12C /* Build configuration list for PBXNativeTarget "SMSWithoutBorders-ProductionTests" */;
			buildPhases = (
				16F0E68B28C6308800FDD12C /* Sources */,
				16F0E68C28C6308800FDD12C /* Frameworks */,
				16F0E68D28C6308800FDD12C /* Resources */,
			);
			buildRules = (
			);
			dependencies = (
				16F0E69128C6308800FDD12C /* PBXTargetDependency */,
			);
			name = "SMSWithoutBorders-ProductionTests";
			productName = "SMSWithoutBorders-ProductionTests";
			productReference = 16F0E68F28C6308800FDD12C /* SMSWithoutBorders-ProductionTests.xctest */;
			productType = "com.apple.product-type.bundle.unit-test";
		};
		16F0E69828C6308800FDD12C /* SMSWithoutBorders-ProductionUITests */ = {
			isa = PBXNativeTarget;
			buildConfigurationList = 16F0E6A928C6308800FDD12C /* Build configuration list for PBXNativeTarget "SMSWithoutBorders-ProductionUITests" */;
			buildPhases = (
				16F0E69528C6308800FDD12C /* Sources */,
				16F0E69628C6308800FDD12C /* Frameworks */,
				16F0E69728C6308800FDD12C /* Resources */,
			);
			buildRules = (
			);
			dependencies = (
				16F0E69B28C6308800FDD12C /* PBXTargetDependency */,
			);
			name = "SMSWithoutBorders-ProductionUITests";
			productName = "SMSWithoutBorders-ProductionUITests";
			productReference = 16F0E69928C6308800FDD12C /* SMSWithoutBorders-ProductionUITests.xctest */;
			productType = "com.apple.product-type.bundle.ui-testing";
		};
/* End PBXNativeTarget section */

/* Begin PBXProject section */
		16F0E67728C6308600FDD12C /* Project object */ = {
			isa = PBXProject;
			attributes = {
				BuildIndependentTargetsInParallel = 1;
				LastSwiftUpdateCheck = 1340;
				LastUpgradeCheck = 1340;
				TargetAttributes = {
					16F0E67E28C6308600FDD12C = {
						CreatedOnToolsVersion = 13.4.1;
					};
					16F0E68E28C6308800FDD12C = {
						CreatedOnToolsVersion = 13.4.1;
						TestTargetID = 16F0E67E28C6308600FDD12C;
					};
					16F0E69828C6308800FDD12C = {
						CreatedOnToolsVersion = 13.4.1;
						TestTargetID = 16F0E67E28C6308600FDD12C;
					};
				};
			};
			buildConfigurationList = 16F0E67A28C6308600FDD12C /* Build configuration list for PBXProject "SMSWithoutBorders-Production" */;
			compatibilityVersion = "Xcode 13.0";
			developmentRegion = en;
			hasScannedForEncodings = 0;
			knownRegions = (
				en,
				Base,
			);
			mainGroup = 16F0E67628C6308600FDD12C;
			productRefGroup = 16F0E68028C6308600FDD12C /* Products */;
			projectDirPath = "";
			projectRoot = "";
			targets = (
				16F0E67E28C6308600FDD12C /* SMSWithoutBorders-Production */,
				16F0E68E28C6308800FDD12C /* SMSWithoutBorders-ProductionTests */,
				16F0E69828C6308800FDD12C /* SMSWithoutBorders-ProductionUITests */,
			);
		};
/* End PBXProject section */

/* Begin PBXResourcesBuildPhase section */
		16F0E67D28C6308600FDD12C /* Resources */ = {
			isa = PBXResourcesBuildPhase;
			buildActionMask = 2147483647;
			files = (
				16F0E68A28C6308800FDD12C /* Preview Assets.xcassets in Resources */,
				16F0E68728C6308800FDD12C /* Assets.xcassets in Resources */,
			);
			runOnlyForDeploymentPostprocessing = 0;
		};
		16F0E68D28C6308800FDD12C /* Resources */ = {
			isa = PBXResourcesBuildPhase;
			buildActionMask = 2147483647;
			files = (
			);
			runOnlyForDeploymentPostprocessing = 0;
		};
		16F0E69728C6308800FDD12C /* Resources */ = {
			isa = PBXResourcesBuildPhase;
			buildActionMask = 2147483647;
			files = (
			);
			runOnlyForDeploymentPostprocessing = 0;
		};
/* End PBXResourcesBuildPhase section */

/* Begin PBXSourcesBuildPhase section */
		16F0E67B28C6308600FDD12C /* Sources */ = {
			isa = PBXSourcesBuildPhase;
			buildActionMask = 2147483647;
			files = (
				16EDE38528D2331C00E50393 /* Datastore.xcdatamodeld in Sources */,
				16B43B202915CDDC004AEF1F /* TextView.swift in Sources */,
				16F19F2A2903D44E00AC2F2B /* EncryptedContentHandler.swift in Sources */,
				16F0E6B228C80B8700FDD12C /* CryptoExportImportManager.swift in Sources */,
				16EDE38B28D356EB00E50393 /* AvailablePlatformsView.swift in Sources */,
				16EDE38228D223F300E50393 /* PublisherHandler.swift in Sources */,
				16F19F2228FF4BD900AC2F2B /* AvailablePlatformView.swift in Sources */,
				1697672828E489040021BFC5 /* PlatformsHandler.swift in Sources */,
				16F0E6D028CA16AF00FDD12C /* SecurityAESEncryption.swift in Sources */,
				1697672428E4830B0021BFC5 /* GatewayClients.swift in Sources */,
				1686DBD028E47D8A00895D92 /* RecentsView.swift in Sources */,
				16EDE37C28CE055D00E50393 /* Synchronization.swift in Sources */,
				1697672628E483F60021BFC5 /* GatewayClientsHandler.swift in Sources */,
				16EDE37E28CE5CA300E50393 /* PasswordView.swift in Sources */,
				16F19F2E2906DECA00AC2F2B /* SpinnerView.swift in Sources */,
				16F0E6B528C80C0900FDD12C /* SecurityRSAEncryption.swift in Sources */,
				16EDE38028D0D23000E50393 /* CSecurity.swift in Sources */,
				16F0E68528C6308600FDD12C /* EmailView.swift in Sources */,
				16F19F2C2904973C00AC2F2B /* RecentsEncryptedContentView.swift in Sources */,
				16F0E68328C6308600FDD12C /* SMSWithoutBorders_ProductionApp.swift in Sources */,
				16EDE38928D3511700E50393 /* DataController.swift in Sources */,
				16EDE37828CB347E00E50393 /* SynchronizeView.swift in Sources */,
			);
			runOnlyForDeploymentPostprocessing = 0;
		};
		16F0E68B28C6308800FDD12C /* Sources */ = {
			isa = PBXSourcesBuildPhase;
			buildActionMask = 2147483647;
			files = (
				16F0E69428C6308800FDD12C /* SMSWithoutBorders_ProductionTests.swift in Sources */,
			);
			runOnlyForDeploymentPostprocessing = 0;
		};
		16F0E69528C6308800FDD12C /* Sources */ = {
			isa = PBXSourcesBuildPhase;
			buildActionMask = 2147483647;
			files = (
				16F0E6A028C6308800FDD12C /* SMSWithoutBorders_ProductionUITestsLaunchTests.swift in Sources */,
				16F0E69E28C6308800FDD12C /* SMSWithoutBorders_ProductionUITests.swift in Sources */,
			);
			runOnlyForDeploymentPostprocessing = 0;
		};
/* End PBXSourcesBuildPhase section */

/* Begin PBXTargetDependency section */
		16F0E69128C6308800FDD12C /* PBXTargetDependency */ = {
			isa = PBXTargetDependency;
			target = 16F0E67E28C6308600FDD12C /* SMSWithoutBorders-Production */;
			targetProxy = 16F0E69028C6308800FDD12C /* PBXContainerItemProxy */;
		};
		16F0E69B28C6308800FDD12C /* PBXTargetDependency */ = {
			isa = PBXTargetDependency;
			target = 16F0E67E28C6308600FDD12C /* SMSWithoutBorders-Production */;
			targetProxy = 16F0E69A28C6308800FDD12C /* PBXContainerItemProxy */;
		};
/* End PBXTargetDependency section */

/* Begin XCBuildConfiguration section */
		16F0E6A128C6308800FDD12C /* Debug */ = {
			isa = XCBuildConfiguration;
			buildSettings = {
				ALWAYS_SEARCH_USER_PATHS = NO;
				CLANG_ANALYZER_NONNULL = YES;
				CLANG_ANALYZER_NUMBER_OBJECT_CONVERSION = YES_AGGRESSIVE;
				CLANG_CXX_LANGUAGE_STANDARD = "gnu++17";
				CLANG_ENABLE_MODULES = YES;
				CLANG_ENABLE_OBJC_ARC = YES;
				CLANG_ENABLE_OBJC_WEAK = YES;
				CLANG_WARN_BLOCK_CAPTURE_AUTORELEASING = YES;
				CLANG_WARN_BOOL_CONVERSION = YES;
				CLANG_WARN_COMMA = YES;
				CLANG_WARN_CONSTANT_CONVERSION = YES;
				CLANG_WARN_DEPRECATED_OBJC_IMPLEMENTATIONS = YES;
				CLANG_WARN_DIRECT_OBJC_ISA_USAGE = YES_ERROR;
				CLANG_WARN_DOCUMENTATION_COMMENTS = YES;
				CLANG_WARN_EMPTY_BODY = YES;
				CLANG_WARN_ENUM_CONVERSION = YES;
				CLANG_WARN_INFINITE_RECURSION = YES;
				CLANG_WARN_INT_CONVERSION = YES;
				CLANG_WARN_NON_LITERAL_NULL_CONVERSION = YES;
				CLANG_WARN_OBJC_IMPLICIT_RETAIN_SELF = YES;
				CLANG_WARN_OBJC_LITERAL_CONVERSION = YES;
				CLANG_WARN_OBJC_ROOT_CLASS = YES_ERROR;
				CLANG_WARN_QUOTED_INCLUDE_IN_FRAMEWORK_HEADER = YES;
				CLANG_WARN_RANGE_LOOP_ANALYSIS = YES;
				CLANG_WARN_STRICT_PROTOTYPES = YES;
				CLANG_WARN_SUSPICIOUS_MOVE = YES;
				CLANG_WARN_UNGUARDED_AVAILABILITY = YES_AGGRESSIVE;
				CLANG_WARN_UNREACHABLE_CODE = YES;
				CLANG_WARN__DUPLICATE_METHOD_MATCH = YES;
				COPY_PHASE_STRIP = NO;
				DEBUG_INFORMATION_FORMAT = dwarf;
				ENABLE_STRICT_OBJC_MSGSEND = YES;
				ENABLE_TESTABILITY = YES;
				GCC_C_LANGUAGE_STANDARD = gnu11;
				GCC_DYNAMIC_NO_PIC = NO;
				GCC_NO_COMMON_BLOCKS = YES;
				GCC_OPTIMIZATION_LEVEL = 0;
				GCC_PREPROCESSOR_DEFINITIONS = (
					"DEBUG=1",
					"$(inherited)",
				);
				GCC_WARN_64_TO_32_BIT_CONVERSION = YES;
				GCC_WARN_ABOUT_RETURN_TYPE = YES_ERROR;
				GCC_WARN_UNDECLARED_SELECTOR = YES;
				GCC_WARN_UNINITIALIZED_AUTOS = YES_AGGRESSIVE;
				GCC_WARN_UNUSED_FUNCTION = YES;
				GCC_WARN_UNUSED_VARIABLE = YES;
				IPHONEOS_DEPLOYMENT_TARGET = 15.0;
				MTL_ENABLE_DEBUG_INFO = INCLUDE_SOURCE;
				MTL_FAST_MATH = YES;
				ONLY_ACTIVE_ARCH = YES;
				SDKROOT = iphoneos;
				SWIFT_ACTIVE_COMPILATION_CONDITIONS = DEBUG;
				SWIFT_OPTIMIZATION_LEVEL = "-Onone";
			};
			name = Debug;
		};
		16F0E6A228C6308800FDD12C /* Release */ = {
			isa = XCBuildConfiguration;
			buildSettings = {
				ALWAYS_SEARCH_USER_PATHS = NO;
				CLANG_ANALYZER_NONNULL = YES;
				CLANG_ANALYZER_NUMBER_OBJECT_CONVERSION = YES_AGGRESSIVE;
				CLANG_CXX_LANGUAGE_STANDARD = "gnu++17";
				CLANG_ENABLE_MODULES = YES;
				CLANG_ENABLE_OBJC_ARC = YES;
				CLANG_ENABLE_OBJC_WEAK = YES;
				CLANG_WARN_BLOCK_CAPTURE_AUTORELEASING = YES;
				CLANG_WARN_BOOL_CONVERSION = YES;
				CLANG_WARN_COMMA = YES;
				CLANG_WARN_CONSTANT_CONVERSION = YES;
				CLANG_WARN_DEPRECATED_OBJC_IMPLEMENTATIONS = YES;
				CLANG_WARN_DIRECT_OBJC_ISA_USAGE = YES_ERROR;
				CLANG_WARN_DOCUMENTATION_COMMENTS = YES;
				CLANG_WARN_EMPTY_BODY = YES;
				CLANG_WARN_ENUM_CONVERSION = YES;
				CLANG_WARN_INFINITE_RECURSION = YES;
				CLANG_WARN_INT_CONVERSION = YES;
				CLANG_WARN_NON_LITERAL_NULL_CONVERSION = YES;
				CLANG_WARN_OBJC_IMPLICIT_RETAIN_SELF = YES;
				CLANG_WARN_OBJC_LITERAL_CONVERSION = YES;
				CLANG_WARN_OBJC_ROOT_CLASS = YES_ERROR;
				CLANG_WARN_QUOTED_INCLUDE_IN_FRAMEWORK_HEADER = YES;
				CLANG_WARN_RANGE_LOOP_ANALYSIS = YES;
				CLANG_WARN_STRICT_PROTOTYPES = YES;
				CLANG_WARN_SUSPICIOUS_MOVE = YES;
				CLANG_WARN_UNGUARDED_AVAILABILITY = YES_AGGRESSIVE;
				CLANG_WARN_UNREACHABLE_CODE = YES;
				CLANG_WARN__DUPLICATE_METHOD_MATCH = YES;
				COPY_PHASE_STRIP = NO;
				DEBUG_INFORMATION_FORMAT = "dwarf-with-dsym";
				ENABLE_NS_ASSERTIONS = NO;
				ENABLE_STRICT_OBJC_MSGSEND = YES;
				GCC_C_LANGUAGE_STANDARD = gnu11;
				GCC_NO_COMMON_BLOCKS = YES;
				GCC_WARN_64_TO_32_BIT_CONVERSION = YES;
				GCC_WARN_ABOUT_RETURN_TYPE = YES_ERROR;
				GCC_WARN_UNDECLARED_SELECTOR = YES;
				GCC_WARN_UNINITIALIZED_AUTOS = YES_AGGRESSIVE;
				GCC_WARN_UNUSED_FUNCTION = YES;
				GCC_WARN_UNUSED_VARIABLE = YES;
				IPHONEOS_DEPLOYMENT_TARGET = 15.0;
				MTL_ENABLE_DEBUG_INFO = NO;
				MTL_FAST_MATH = YES;
				ONLY_ACTIVE_ARCH = YES;
				SDKROOT = iphoneos;
				SWIFT_COMPILATION_MODE = wholemodule;
				SWIFT_OPTIMIZATION_LEVEL = "-O";
				VALIDATE_PRODUCT = YES;
			};
			name = Release;
		};
		16F0E6A428C6308800FDD12C /* Debug */ = {
			isa = XCBuildConfiguration;
			buildSettings = {
				ASSETCATALOG_COMPILER_APPICON_NAME = AppIcon;
				ASSETCATALOG_COMPILER_GLOBAL_ACCENT_COLOR_NAME = AccentColor;
				ASSETCATALOG_COMPILER_INCLUDE_ALL_APPICON_ASSETS = YES;
				CODE_SIGN_ENTITLEMENTS = "SMSWithoutBorders-Production/SMSWithoutBorders-Production.entitlements";
				CODE_SIGN_STYLE = Automatic;
				CURRENT_PROJECT_VERSION = 1;
				DEVELOPMENT_ASSET_PATHS = "\"SMSWithoutBorders-Production/Preview Content\"";
				DEVELOPMENT_TEAM = 7J8Q6GLPGN;
				ENABLE_PREVIEWS = YES;
				GENERATE_INFOPLIST_FILE = YES;
				INFOPLIST_FILE = "SMSWithoutBorders-Production/Info.plist";
				INFOPLIST_KEY_CFBundleDisplayName = SMSWoB;
				INFOPLIST_KEY_LSApplicationCategoryType = "public.app-category.utilities";
				INFOPLIST_KEY_UIApplicationSceneManifest_Generation = YES;
				INFOPLIST_KEY_UIApplicationSupportsIndirectInputEvents = YES;
				INFOPLIST_KEY_UILaunchScreen_Generation = YES;
				INFOPLIST_KEY_UISupportedInterfaceOrientations_iPad = "UIInterfaceOrientationPortrait UIInterfaceOrientationPortraitUpsideDown UIInterfaceOrientationLandscapeLeft UIInterfaceOrientationLandscapeRight";
				INFOPLIST_KEY_UISupportedInterfaceOrientations_iPhone = "UIInterfaceOrientationPortrait UIInterfaceOrientationLandscapeLeft UIInterfaceOrientationLandscapeRight";
				IPHONEOS_DEPLOYMENT_TARGET = 15.0;
				LD_RUNPATH_SEARCH_PATHS = (
					"$(inherited)",
					"@executable_path/Frameworks",
				);
				MARKETING_VERSION = 1.0;
				PRODUCT_BUNDLE_IDENTIFIER = "com.afkanerd.smswithoutborders.SMSWithoutBorders-Production";
				PRODUCT_NAME = SMSWithoutBorders;
				SUPPORTED_PLATFORMS = "iphoneos iphonesimulator";
				SUPPORTS_MACCATALYST = NO;
				SUPPORTS_MAC_DESIGNED_FOR_IPHONE_IPAD = NO;
				SWIFT_EMIT_LOC_STRINGS = YES;
				SWIFT_VERSION = 5.0;
				TARGETED_DEVICE_FAMILY = 1;
			};
			name = Debug;
		};
		16F0E6A528C6308800FDD12C /* Release */ = {
			isa = XCBuildConfiguration;
			buildSettings = {
				ASSETCATALOG_COMPILER_APPICON_NAME = AppIcon;
				ASSETCATALOG_COMPILER_GLOBAL_ACCENT_COLOR_NAME = AccentColor;
				ASSETCATALOG_COMPILER_INCLUDE_ALL_APPICON_ASSETS = YES;
				CODE_SIGN_ENTITLEMENTS = "SMSWithoutBorders-Production/SMSWithoutBorders-Production.entitlements";
				CODE_SIGN_STYLE = Automatic;
				CURRENT_PROJECT_VERSION = 1;
				DEVELOPMENT_ASSET_PATHS = "\"SMSWithoutBorders-Production/Preview Content\"";
				DEVELOPMENT_TEAM = 7J8Q6GLPGN;
				ENABLE_PREVIEWS = YES;
				GENERATE_INFOPLIST_FILE = YES;
				INFOPLIST_FILE = "SMSWithoutBorders-Production/Info.plist";
				INFOPLIST_KEY_CFBundleDisplayName = SMSWoB;
				INFOPLIST_KEY_LSApplicationCategoryType = "public.app-category.utilities";
				INFOPLIST_KEY_UIApplicationSceneManifest_Generation = YES;
				INFOPLIST_KEY_UIApplicationSupportsIndirectInputEvents = YES;
				INFOPLIST_KEY_UILaunchScreen_Generation = YES;
				INFOPLIST_KEY_UISupportedInterfaceOrientations_iPad = "UIInterfaceOrientationPortrait UIInterfaceOrientationPortraitUpsideDown UIInterfaceOrientationLandscapeLeft UIInterfaceOrientationLandscapeRight";
				INFOPLIST_KEY_UISupportedInterfaceOrientations_iPhone = "UIInterfaceOrientationPortrait UIInterfaceOrientationLandscapeLeft UIInterfaceOrientationLandscapeRight";
				IPHONEOS_DEPLOYMENT_TARGET = 15.0;
				LD_RUNPATH_SEARCH_PATHS = (
					"$(inherited)",
					"@executable_path/Frameworks",
				);
				MARKETING_VERSION = 1.0;
				PRODUCT_BUNDLE_IDENTIFIER = "com.afkanerd.smswithoutborders.SMSWithoutBorders-Production";
				PRODUCT_NAME = SMSWithoutBorders;
				SUPPORTED_PLATFORMS = "iphoneos iphonesimulator";
				SUPPORTS_MACCATALYST = NO;
				SUPPORTS_MAC_DESIGNED_FOR_IPHONE_IPAD = NO;
				SWIFT_EMIT_LOC_STRINGS = YES;
				SWIFT_VERSION = 5.0;
				TARGETED_DEVICE_FAMILY = 1;
			};
			name = Release;
		};
		16F0E6A728C6308800FDD12C /* Debug */ = {
			isa = XCBuildConfiguration;
			buildSettings = {
				ALWAYS_EMBED_SWIFT_STANDARD_LIBRARIES = YES;
				BUNDLE_LOADER = "$(TEST_HOST)";
				CODE_SIGN_STYLE = Automatic;
				CURRENT_PROJECT_VERSION = 1;
				DEVELOPMENT_TEAM = 7J8Q6GLPGN;
				GENERATE_INFOPLIST_FILE = YES;
				IPHONEOS_DEPLOYMENT_TARGET = 15.0;
				MARKETING_VERSION = 1.0;
				PRODUCT_BUNDLE_IDENTIFIER = "com.afkanerd.smswithoutborders.SMSWithoutBorders-ProductionTests";
				PRODUCT_NAME = "$(TARGET_NAME)";
				SUPPORTED_PLATFORMS = "iphoneos iphonesimulator";
				SUPPORTS_MACCATALYST = NO;
				SUPPORTS_MAC_DESIGNED_FOR_IPHONE_IPAD = NO;
				SWIFT_EMIT_LOC_STRINGS = NO;
				SWIFT_VERSION = 5.0;
				TARGETED_DEVICE_FAMILY = 1;
				TEST_HOST = "$(BUILT_PRODUCTS_DIR)/SMSWithoutBorders.app/SMSWithoutBorders";
			};
			name = Debug;
		};
		16F0E6A828C6308800FDD12C /* Release */ = {
			isa = XCBuildConfiguration;
			buildSettings = {
				ALWAYS_EMBED_SWIFT_STANDARD_LIBRARIES = YES;
				BUNDLE_LOADER = "$(TEST_HOST)";
				CODE_SIGN_STYLE = Automatic;
				CURRENT_PROJECT_VERSION = 1;
				DEVELOPMENT_TEAM = 7J8Q6GLPGN;
				GENERATE_INFOPLIST_FILE = YES;
				IPHONEOS_DEPLOYMENT_TARGET = 15.0;
				MARKETING_VERSION = 1.0;
				PRODUCT_BUNDLE_IDENTIFIER = "com.afkanerd.smswithoutborders.SMSWithoutBorders-ProductionTests";
				PRODUCT_NAME = "$(TARGET_NAME)";
				SUPPORTED_PLATFORMS = "iphoneos iphonesimulator";
				SUPPORTS_MACCATALYST = NO;
				SUPPORTS_MAC_DESIGNED_FOR_IPHONE_IPAD = NO;
				SWIFT_EMIT_LOC_STRINGS = NO;
				SWIFT_VERSION = 5.0;
				TARGETED_DEVICE_FAMILY = 1;
				TEST_HOST = "$(BUILT_PRODUCTS_DIR)/SMSWithoutBorders.app/SMSWithoutBorders";
			};
			name = Release;
		};
		16F0E6AA28C6308800FDD12C /* Debug */ = {
			isa = XCBuildConfiguration;
			buildSettings = {
				ALWAYS_EMBED_SWIFT_STANDARD_LIBRARIES = YES;
				CODE_SIGN_STYLE = Automatic;
				CURRENT_PROJECT_VERSION = 1;
				DEVELOPMENT_TEAM = 7J8Q6GLPGN;
				GENERATE_INFOPLIST_FILE = YES;
				IPHONEOS_DEPLOYMENT_TARGET = 15.0;
				MARKETING_VERSION = 1.0;
				PRODUCT_BUNDLE_IDENTIFIER = "com.afkanerd.smswithoutborders.SMSWithoutBorders-ProductionUITests";
				PRODUCT_NAME = "$(TARGET_NAME)";
				SUPPORTED_PLATFORMS = "iphoneos iphonesimulator";
				SUPPORTS_MACCATALYST = NO;
				SUPPORTS_MAC_DESIGNED_FOR_IPHONE_IPAD = NO;
				SWIFT_EMIT_LOC_STRINGS = NO;
				SWIFT_VERSION = 5.0;
				TARGETED_DEVICE_FAMILY = 1;
				TEST_TARGET_NAME = "SMSWithoutBorders-Production";
			};
			name = Debug;
		};
		16F0E6AB28C6308800FDD12C /* Release */ = {
			isa = XCBuildConfiguration;
			buildSettings = {
				ALWAYS_EMBED_SWIFT_STANDARD_LIBRARIES = YES;
				CODE_SIGN_STYLE = Automatic;
				CURRENT_PROJECT_VERSION = 1;
				DEVELOPMENT_TEAM = 7J8Q6GLPGN;
				GENERATE_INFOPLIST_FILE = YES;
				IPHONEOS_DEPLOYMENT_TARGET = 15.0;
				MARKETING_VERSION = 1.0;
				PRODUCT_BUNDLE_IDENTIFIER = "com.afkanerd.smswithoutborders.SMSWithoutBorders-ProductionUITests";
				PRODUCT_NAME = "$(TARGET_NAME)";
				SUPPORTED_PLATFORMS = "iphoneos iphonesimulator";
				SUPPORTS_MACCATALYST = NO;
				SUPPORTS_MAC_DESIGNED_FOR_IPHONE_IPAD = NO;
				SWIFT_EMIT_LOC_STRINGS = NO;
				SWIFT_VERSION = 5.0;
				TARGETED_DEVICE_FAMILY = 1;
				TEST_TARGET_NAME = "SMSWithoutBorders-Production";
			};
			name = Release;
		};
/* End XCBuildConfiguration section */

/* Begin XCConfigurationList section */
		16F0E67A28C6308600FDD12C /* Build configuration list for PBXProject "SMSWithoutBorders-Production" */ = {
			isa = XCConfigurationList;
			buildConfigurations = (
				16F0E6A128C6308800FDD12C /* Debug */,
				16F0E6A228C6308800FDD12C /* Release */,
			);
			defaultConfigurationIsVisible = 0;
			defaultConfigurationName = Release;
		};
		16F0E6A328C6308800FDD12C /* Build configuration list for PBXNativeTarget "SMSWithoutBorders-Production" */ = {
			isa = XCConfigurationList;
			buildConfigurations = (
				16F0E6A428C6308800FDD12C /* Debug */,
				16F0E6A528C6308800FDD12C /* Release */,
			);
			defaultConfigurationIsVisible = 0;
			defaultConfigurationName = Release;
		};
		16F0E6A628C6308800FDD12C /* Build configuration list for PBXNativeTarget "SMSWithoutBorders-ProductionTests" */ = {
			isa = XCConfigurationList;
			buildConfigurations = (
				16F0E6A728C6308800FDD12C /* Debug */,
				16F0E6A828C6308800FDD12C /* Release */,
			);
			defaultConfigurationIsVisible = 0;
			defaultConfigurationName = Release;
		};
		16F0E6A928C6308800FDD12C /* Build configuration list for PBXNativeTarget "SMSWithoutBorders-ProductionUITests" */ = {
			isa = XCConfigurationList;
			buildConfigurations = (
				16F0E6AA28C6308800FDD12C /* Debug */,
				16F0E6AB28C6308800FDD12C /* Release */,
			);
			defaultConfigurationIsVisible = 0;
			defaultConfigurationName = Release;
		};
/* End XCConfigurationList section */

/* Begin XCVersionGroup section */
		16EDE38328D2331C00E50393 /* Datastore.xcdatamodeld */ = {
			isa = XCVersionGroup;
			children = (
				16EDE38428D2331C00E50393 /* PlatformModels.xcdatamodel */,
			);
			currentVersion = 16EDE38428D2331C00E50393 /* PlatformModels.xcdatamodel */;
			path = Datastore.xcdatamodeld;
			sourceTree = "<group>";
			versionGroupType = wrapper.xcdatamodel;
		};
/* End XCVersionGroup section */
	};
	rootObject = 16F0E67728C6308600FDD12C /* Project object */;
}
