// !$*UTF8*$!
{
	archiveVersion = 1;
	classes = {
	};
	objectVersion = 70;
	objects = {

/* Begin PBXBuildFile section */
		3B082A9C2C3D24C700C7DE41 /* SwiftSVG in Frameworks */ = {isa = PBXBuildFile; productRef = 3B082A9B2C3D24C700C7DE41 /* SwiftSVG */; };
		3B7EEE3B2C5BD87D00611092 /* SwobDoubleRatchet in Frameworks */ = {isa = PBXBuildFile; productRef = 3B7EEE3A2C5BD87D00611092 /* SwobDoubleRatchet */; };
		3B7EEE3D2C5BD92400611092 /* SwobDoubleRatchet in Frameworks */ = {isa = PBXBuildFile; productRef = 3B7EEE3C2C5BD92400611092 /* SwobDoubleRatchet */; };
		3BCBA3A72C49ADFD00736B9B /* CachedAsyncImage in Frameworks */ = {isa = PBXBuildFile; productRef = 3BCBA3A62C49ADFD00736B9B /* CachedAsyncImage */; };
		3BF117702C28F3F4003D5BB6 /* CGRPCZlib in Frameworks */ = {isa = PBXBuildFile; productRef = 3BF1176F2C28F3F4003D5BB6 /* CGRPCZlib */; };
		3BF117722C28F3F4003D5BB6 /* GRPC in Frameworks */ = {isa = PBXBuildFile; productRef = 3BF117712C28F3F4003D5BB6 /* GRPC */; };
		3BF117742C28F3F4003D5BB6 /* GRPCReflectionService in Frameworks */ = {isa = PBXBuildFile; productRef = 3BF117732C28F3F4003D5BB6 /* GRPCReflectionService */; };
		3BF117782C28F3F4003D5BB6 /* protoc-gen-grpc-swift in Frameworks */ = {isa = PBXBuildFile; productRef = 3BF117772C28F3F4003D5BB6 /* protoc-gen-grpc-swift */; };
		3BF1177B2C28F5BA003D5BB6 /* GRPC in Frameworks */ = {isa = PBXBuildFile; productRef = 3BF1177A2C28F5BA003D5BB6 /* GRPC */; };
		3BF1177D2C28F5C0003D5BB6 /* GRPC in Frameworks */ = {isa = PBXBuildFile; productRef = 3BF1177C2C28F5C0003D5BB6 /* GRPC */; };
		3BF117932C2B4EB6003D5BB6 /* CGRPCZlib in Frameworks */ = {isa = PBXBuildFile; productRef = 3BF117922C2B4EB6003D5BB6 /* CGRPCZlib */; };
		3BF117952C2B4EB6003D5BB6 /* GRPCReflectionService in Frameworks */ = {isa = PBXBuildFile; productRef = 3BF117942C2B4EB6003D5BB6 /* GRPCReflectionService */; };
		3BF117992C2B4EB6003D5BB6 /* protoc-gen-grpc-swift in Frameworks */ = {isa = PBXBuildFile; productRef = 3BF117982C2B4EB6003D5BB6 /* protoc-gen-grpc-swift */; };
		3BF117A12C2B6892003D5BB6 /* Localizable.xcstrings in Resources */ = {isa = PBXBuildFile; fileRef = 3BF117A02C2B6892003D5BB6 /* Localizable.xcstrings */; };
		3BF117AC2C2F57A8003D5BB6 /* Fernet in Frameworks */ = {isa = PBXBuildFile; productRef = 3BF117AB2C2F57A8003D5BB6 /* Fernet */; };
		3BF117B22C30E1F9003D5BB6 /* Fernet in Frameworks */ = {isa = PBXBuildFile; productRef = 3BF117B12C30E1F9003D5BB6 /* Fernet */; };
		3BF117B52C30F2BF003D5BB6 /* CryptoSwift in Frameworks */ = {isa = PBXBuildFile; productRef = 3BF117B42C30F2BF003D5BB6 /* CryptoSwift */; };
		3BF3D1532C32DC6B003A3AFB /* CountryPicker in Frameworks */ = {isa = PBXBuildFile; productRef = 3BF3D1522C32DC6B003A3AFB /* CountryPicker */; };
		3BF3D1642C349907003A3AFB /* CryptoSwift in Frameworks */ = {isa = PBXBuildFile; productRef = 3BF3D1632C349907003A3AFB /* CryptoSwift */; };
		F6F2D1D02DAE88790017BD59 /* SwiftProtobuf in Frameworks */ = {isa = PBXBuildFile; productRef = F6F2D1CF2DAE88790017BD59 /* SwiftProtobuf */; };
/* End PBXBuildFile section */

/* Begin PBXContainerItemProxy section */
		16F0E69028C6308800FDD12C /* PBXContainerItemProxy */ = {
			isa = PBXContainerItemProxy;
			containerPortal = 16F0E67728C6308600FDD12C /* Project object */;
			proxyType = 1;
			remoteGlobalIDString = 16F0E67E28C6308600FDD12C;
			remoteInfo = "SMSWithoutBorders-Production";
		};
		16F0E69A28C6308800FDD12C /* PBXContainerItemProxy */ = {
			isa = PBXContainerItemProxy;
			containerPortal = 16F0E67728C6308600FDD12C /* Project object */;
			proxyType = 1;
			remoteGlobalIDString = 16F0E67E28C6308600FDD12C;
			remoteInfo = "SMSWithoutBorders-Production";
		};
/* End PBXContainerItemProxy section */

/* Begin PBXFileReference section */
		16F0E67F28C6308600FDD12C /* SMSWithoutBorders.app */ = {isa = PBXFileReference; explicitFileType = wrapper.application; includeInIndex = 0; path = SMSWithoutBorders.app; sourceTree = BUILT_PRODUCTS_DIR; };
		16F0E68F28C6308800FDD12C /* SMSWithoutBorders-ProductionTests.xctest */ = {isa = PBXFileReference; explicitFileType = wrapper.cfbundle; includeInIndex = 0; path = "SMSWithoutBorders-ProductionTests.xctest"; sourceTree = BUILT_PRODUCTS_DIR; };
		16F0E69928C6308800FDD12C /* SMSWithoutBorders-ProductionUITests.xctest */ = {isa = PBXFileReference; explicitFileType = wrapper.cfbundle; includeInIndex = 0; path = "SMSWithoutBorders-ProductionUITests.xctest"; sourceTree = BUILT_PRODUCTS_DIR; };
		3BF117A02C2B6892003D5BB6 /* Localizable.xcstrings */ = {isa = PBXFileReference; lastKnownFileType = text.json.xcstrings; path = Localizable.xcstrings; sourceTree = "<group>"; };
/* End PBXFileReference section */

/* Begin PBXFileSystemSynchronizedBuildFileExceptionSet section */
		F6790DEB2DAE66C30070A55E /* PBXFileSystemSynchronizedBuildFileExceptionSet */ = {
			isa = PBXFileSystemSynchronizedBuildFileExceptionSet;
			membershipExceptions = (
				Info.plist,
			);
			target = 16F0E67E28C6308600FDD12C /* SMSWithoutBorders-Production */;
		};
		F6790DEC2DAE66C30070A55E /* PBXFileSystemSynchronizedBuildFileExceptionSet */ = {
			isa = PBXFileSystemSynchronizedBuildFileExceptionSet;
			membershipExceptions = (
				Commons/Theme/Fonts/unbounded.ttf,
				Notes.txt,
				Proto/relay_publisher.grpc.swift,
				Proto/relay_publisher.pb.swift,
				Proto/vault.grpc.swift,
				Proto/vault.pb.swift,
				Proto/vault.proto,
				"static-x25519-staging.json",
				"static-x25519.json",
				Views/PlatformComposeViews/SMSComposeMessageUIView.swift,
			);
			target = 16F0E68E28C6308800FDD12C /* SMSWithoutBorders-ProductionTests */;
		};
		F6790DED2DAE66C30070A55E /* PBXFileSystemSynchronizedBuildFileExceptionSet */ = {
			isa = PBXFileSystemSynchronizedBuildFileExceptionSet;
			membershipExceptions = (
				Proto/relay_publisher.grpc.swift,
				Proto/relay_publisher.pb.swift,
				Proto/vault.grpc.swift,
				Proto/vault.pb.swift,
				Proto/vault.proto,
				"static-x25519-staging.json",
			);
			target = 16F0E69828C6308800FDD12C /* SMSWithoutBorders-ProductionUITests */;
		};
/* End PBXFileSystemSynchronizedBuildFileExceptionSet section */

/* Begin PBXFileSystemSynchronizedRootGroup section */
		F6790D5C2DAE66C30070A55E /* SMSWithoutBorders-Production */ = {isa = PBXFileSystemSynchronizedRootGroup; exceptions = (F6790DEB2DAE66C30070A55E /* PBXFileSystemSynchronizedBuildFileExceptionSet */, F6790DEC2DAE66C30070A55E /* PBXFileSystemSynchronizedBuildFileExceptionSet */, F6790DED2DAE66C30070A55E /* PBXFileSystemSynchronizedBuildFileExceptionSet */, ); explicitFileTypes = {}; explicitFolders = (); path = "SMSWithoutBorders-Production"; sourceTree = "<group>"; };
		F6790DF42DAE66CB0070A55E /* SMSWithoutBorders-ProductionTests */ = {isa = PBXFileSystemSynchronizedRootGroup; explicitFileTypes = {}; explicitFolders = (); path = "SMSWithoutBorders-ProductionTests"; sourceTree = "<group>"; };
		F6790DFD2DAE66CF0070A55E /* SMSWithoutBorders-ProductionUITests */ = {isa = PBXFileSystemSynchronizedRootGroup; explicitFileTypes = {}; explicitFolders = (); path = "SMSWithoutBorders-ProductionUITests"; sourceTree = "<group>"; };
/* End PBXFileSystemSynchronizedRootGroup section */

/* Begin PBXFrameworksBuildPhase section */
		16F0E67C28C6308600FDD12C /* Frameworks */ = {
			isa = PBXFrameworksBuildPhase;
			buildActionMask = 2147483647;
			files = (
				3BF117722C28F3F4003D5BB6 /* GRPC in Frameworks */,
				3BCBA3A72C49ADFD00736B9B /* CachedAsyncImage in Frameworks */,
				3B7EEE3B2C5BD87D00611092 /* SwobDoubleRatchet in Frameworks */,
				3BF117702C28F3F4003D5BB6 /* CGRPCZlib in Frameworks */,
				F6F2D1D02DAE88790017BD59 /* SwiftProtobuf in Frameworks */,
				3BF117742C28F3F4003D5BB6 /* GRPCReflectionService in Frameworks */,
				3B082A9C2C3D24C700C7DE41 /* SwiftSVG in Frameworks */,
				3BF3D1532C32DC6B003A3AFB /* CountryPicker in Frameworks */,
				3BF3D1642C349907003A3AFB /* CryptoSwift in Frameworks */,
				3BF117B22C30E1F9003D5BB6 /* Fernet in Frameworks */,
				3BF117782C28F3F4003D5BB6 /* protoc-gen-grpc-swift in Frameworks */,
			);
			runOnlyForDeploymentPostprocessing = 0;
		};
		16F0E68C28C6308800FDD12C /* Frameworks */ = {
			isa = PBXFrameworksBuildPhase;
			buildActionMask = 2147483647;
			files = (
				3BF117AC2C2F57A8003D5BB6 /* Fernet in Frameworks */,
				3BF117952C2B4EB6003D5BB6 /* GRPCReflectionService in Frameworks */,
				3B7EEE3D2C5BD92400611092 /* SwobDoubleRatchet in Frameworks */,
				3BF1177B2C28F5BA003D5BB6 /* GRPC in Frameworks */,
				3BF117932C2B4EB6003D5BB6 /* CGRPCZlib in Frameworks */,
				3BF117992C2B4EB6003D5BB6 /* protoc-gen-grpc-swift in Frameworks */,
				3BF117B52C30F2BF003D5BB6 /* CryptoSwift in Frameworks */,
			);
			runOnlyForDeploymentPostprocessing = 0;
		};
		16F0E69628C6308800FDD12C /* Frameworks */ = {
			isa = PBXFrameworksBuildPhase;
			buildActionMask = 2147483647;
			files = (
				3BF1177D2C28F5C0003D5BB6 /* GRPC in Frameworks */,
			);
			runOnlyForDeploymentPostprocessing = 0;
		};
/* End PBXFrameworksBuildPhase section */

/* Begin PBXGroup section */
		16F0E67628C6308600FDD12C = {
			isa = PBXGroup;
			children = (
				3BF117A02C2B6892003D5BB6 /* Localizable.xcstrings */,
				F6790D5C2DAE66C30070A55E /* SMSWithoutBorders-Production */,
				F6790DF42DAE66CB0070A55E /* SMSWithoutBorders-ProductionTests */,
				F6790DFD2DAE66CF0070A55E /* SMSWithoutBorders-ProductionUITests */,
				16F0E68028C6308600FDD12C /* Products */,
				3BF117792C28F5BA003D5BB6 /* Frameworks */,
			);
			sourceTree = "<group>";
		};
		16F0E68028C6308600FDD12C /* Products */ = {
			isa = PBXGroup;
			children = (
				16F0E67F28C6308600FDD12C /* SMSWithoutBorders.app */,
				16F0E68F28C6308800FDD12C /* SMSWithoutBorders-ProductionTests.xctest */,
				16F0E69928C6308800FDD12C /* SMSWithoutBorders-ProductionUITests.xctest */,
			);
			name = Products;
			sourceTree = "<group>";
		};
		3BF117792C28F5BA003D5BB6 /* Frameworks */ = {
			isa = PBXGroup;
			children = (
			);
			name = Frameworks;
			sourceTree = "<group>";
		};
/* End PBXGroup section */

/* Begin PBXNativeTarget section */
		16F0E67E28C6308600FDD12C /* SMSWithoutBorders-Production */ = {
			isa = PBXNativeTarget;
			buildConfigurationList = 16F0E6A328C6308800FDD12C /* Build configuration list for PBXNativeTarget "SMSWithoutBorders-Production" */;
			buildPhases = (
				16F0E67B28C6308600FDD12C /* Sources */,
				16F0E67C28C6308600FDD12C /* Frameworks */,
				16F0E67D28C6308600FDD12C /* Resources */,
			);
			buildRules = (
			);
			dependencies = (
			);
			fileSystemSynchronizedGroups = (
				F6790D5C2DAE66C30070A55E /* SMSWithoutBorders-Production */,
			);
			name = "SMSWithoutBorders-Production";
			packageProductDependencies = (
				3BF1176F2C28F3F4003D5BB6 /* CGRPCZlib */,
				3BF117712C28F3F4003D5BB6 /* GRPC */,
				3BF117732C28F3F4003D5BB6 /* GRPCReflectionService */,
				3BF117772C28F3F4003D5BB6 /* protoc-gen-grpc-swift */,
				3BF117B12C30E1F9003D5BB6 /* Fernet */,
				3BF3D1522C32DC6B003A3AFB /* CountryPicker */,
				3BF3D1632C349907003A3AFB /* CryptoSwift */,
				3B082A9B2C3D24C700C7DE41 /* SwiftSVG */,
				3BCBA3A62C49ADFD00736B9B /* CachedAsyncImage */,
				3B7EEE3A2C5BD87D00611092 /* SwobDoubleRatchet */,
				F6F2D1CF2DAE88790017BD59 /* SwiftProtobuf */,
			);
			productName = "SMSWithoutBorders-Production";
			productReference = 16F0E67F28C6308600FDD12C /* SMSWithoutBorders.app */;
			productType = "com.apple.product-type.application";
		};
		16F0E68E28C6308800FDD12C /* SMSWithoutBorders-ProductionTests */ = {
			isa = PBXNativeTarget;
			buildConfigurationList = 16F0E6A628C6308800FDD12C /* Build configuration list for PBXNativeTarget "SMSWithoutBorders-ProductionTests" */;
			buildPhases = (
				16F0E68B28C6308800FDD12C /* Sources */,
				16F0E68C28C6308800FDD12C /* Frameworks */,
				16F0E68D28C6308800FDD12C /* Resources */,
			);
			buildRules = (
			);
			dependencies = (
				16F0E69128C6308800FDD12C /* PBXTargetDependency */,
			);
			fileSystemSynchronizedGroups = (
				F6790DF42DAE66CB0070A55E /* SMSWithoutBorders-ProductionTests */,
			);
			name = "SMSWithoutBorders-ProductionTests";
			packageProductDependencies = (
				3BF1177A2C28F5BA003D5BB6 /* GRPC */,
				3BF117922C2B4EB6003D5BB6 /* CGRPCZlib */,
				3BF117942C2B4EB6003D5BB6 /* GRPCReflectionService */,
				3BF117982C2B4EB6003D5BB6 /* protoc-gen-grpc-swift */,
				3BF117AB2C2F57A8003D5BB6 /* Fernet */,
				3BF117B42C30F2BF003D5BB6 /* CryptoSwift */,
				3B7EEE3C2C5BD92400611092 /* SwobDoubleRatchet */,
			);
			productName = "SMSWithoutBorders-ProductionTests";
			productReference = 16F0E68F28C6308800FDD12C /* SMSWithoutBorders-ProductionTests.xctest */;
			productType = "com.apple.product-type.bundle.unit-test";
		};
		16F0E69828C6308800FDD12C /* SMSWithoutBorders-ProductionUITests */ = {
			isa = PBXNativeTarget;
			buildConfigurationList = 16F0E6A928C6308800FDD12C /* Build configuration list for PBXNativeTarget "SMSWithoutBorders-ProductionUITests" */;
			buildPhases = (
				16F0E69528C6308800FDD12C /* Sources */,
				16F0E69628C6308800FDD12C /* Frameworks */,
				16F0E69728C6308800FDD12C /* Resources */,
			);
			buildRules = (
			);
			dependencies = (
				16F0E69B28C6308800FDD12C /* PBXTargetDependency */,
			);
			fileSystemSynchronizedGroups = (
				F6790DFD2DAE66CF0070A55E /* SMSWithoutBorders-ProductionUITests */,
			);
			name = "SMSWithoutBorders-ProductionUITests";
			packageProductDependencies = (
				3BF1177C2C28F5C0003D5BB6 /* GRPC */,
			);
			productName = "SMSWithoutBorders-ProductionUITests";
			productReference = 16F0E69928C6308800FDD12C /* SMSWithoutBorders-ProductionUITests.xctest */;
			productType = "com.apple.product-type.bundle.ui-testing";
		};
/* End PBXNativeTarget section */

/* Begin PBXProject section */
		16F0E67728C6308600FDD12C /* Project object */ = {
			isa = PBXProject;
			attributes = {
				BuildIndependentTargetsInParallel = YES;
				LastSwiftUpdateCheck = 1340;
				LastUpgradeCheck = 1340;
				TargetAttributes = {
					16F0E67E28C6308600FDD12C = {
						CreatedOnToolsVersion = 13.4.1;
					};
					16F0E68E28C6308800FDD12C = {
						CreatedOnToolsVersion = 13.4.1;
						TestTargetID = 16F0E67E28C6308600FDD12C;
					};
					16F0E69828C6308800FDD12C = {
						CreatedOnToolsVersion = 13.4.1;
						TestTargetID = 16F0E67E28C6308600FDD12C;
					};
				};
			};
			buildConfigurationList = 16F0E67A28C6308600FDD12C /* Build configuration list for PBXProject "SMSWithoutBorders-Production" */;
			compatibilityVersion = "Xcode 13.0";
			developmentRegion = en;
			hasScannedForEncodings = 0;
			knownRegions = (
				en,
				Base,
				ar,
				fr,
				es,
				tr,
				fa,
				sw,
				de,
			);
			mainGroup = 16F0E67628C6308600FDD12C;
			packageReferences = (
				3BF1176E2C28F3F4003D5BB6 /* XCRemoteSwiftPackageReference "grpc-swift" */,
				3BF117AA2C2F5154003D5BB6 /* XCRemoteSwiftPackageReference "fernet" */,
				3BF117B32C30F2BF003D5BB6 /* XCRemoteSwiftPackageReference "CryptoSwift" */,
				3BF3D1512C32D9FF003A3AFB /* XCRemoteSwiftPackageReference "CountryPicker" */,
				3B082A9A2C3D24C700C7DE41 /* XCRemoteSwiftPackageReference "SwiftSVG" */,
				3BCBA3A52C49ADFD00736B9B /* XCRemoteSwiftPackageReference "swiftui-cached-async-image" */,
				3B6ADC482C5B960000D4EB30 /* XCRemoteSwiftPackageReference "lib_signal_double_ratchet_ios" */,
				F6F2D1CE2DAE88600017BD59 /* XCRemoteSwiftPackageReference "swift-protobuf" */,
			);
			productRefGroup = 16F0E68028C6308600FDD12C /* Products */;
			projectDirPath = "";
			projectRoot = "";
			targets = (
				16F0E67E28C6308600FDD12C /* SMSWithoutBorders-Production */,
				16F0E68E28C6308800FDD12C /* SMSWithoutBorders-ProductionTests */,
				16F0E69828C6308800FDD12C /* SMSWithoutBorders-ProductionUITests */,
			);
		};
/* End PBXProject section */

/* Begin PBXResourcesBuildPhase section */
		16F0E67D28C6308600FDD12C /* Resources */ = {
			isa = PBXResourcesBuildPhase;
			buildActionMask = 2147483647;
			files = (
				3BF117A12C2B6892003D5BB6 /* Localizable.xcstrings in Resources */,
			);
			runOnlyForDeploymentPostprocessing = 0;
		};
		16F0E68D28C6308800FDD12C /* Resources */ = {
			isa = PBXResourcesBuildPhase;
			buildActionMask = 2147483647;
			files = (
			);
			runOnlyForDeploymentPostprocessing = 0;
		};
		16F0E69728C6308800FDD12C /* Resources */ = {
			isa = PBXResourcesBuildPhase;
			buildActionMask = 2147483647;
			files = (
			);
			runOnlyForDeploymentPostprocessing = 0;
		};
/* End PBXResourcesBuildPhase section */

/* Begin PBXSourcesBuildPhase section */
		16F0E67B28C6308600FDD12C /* Sources */ = {
			isa = PBXSourcesBuildPhase;
			buildActionMask = 2147483647;
			files = (
			);
			runOnlyForDeploymentPostprocessing = 0;
		};
		16F0E68B28C6308800FDD12C /* Sources */ = {
			isa = PBXSourcesBuildPhase;
			buildActionMask = 2147483647;
			files = (
			);
			runOnlyForDeploymentPostprocessing = 0;
		};
		16F0E69528C6308800FDD12C /* Sources */ = {
			isa = PBXSourcesBuildPhase;
			buildActionMask = 2147483647;
			files = (
			);
			runOnlyForDeploymentPostprocessing = 0;
		};
/* End PBXSourcesBuildPhase section */

/* Begin PBXTargetDependency section */
		16F0E69128C6308800FDD12C /* PBXTargetDependency */ = {
			isa = PBXTargetDependency;
			target = 16F0E67E28C6308600FDD12C /* SMSWithoutBorders-Production */;
			targetProxy = 16F0E69028C6308800FDD12C /* PBXContainerItemProxy */;
		};
		16F0E69B28C6308800FDD12C /* PBXTargetDependency */ = {
			isa = PBXTargetDependency;
			target = 16F0E67E28C6308600FDD12C /* SMSWithoutBorders-Production */;
			targetProxy = 16F0E69A28C6308800FDD12C /* PBXContainerItemProxy */;
		};
/* End PBXTargetDependency section */

/* Begin XCBuildConfiguration section */
		16F0E6A128C6308800FDD12C /* Debug */ = {
			isa = XCBuildConfiguration;
			buildSettings = {
				ALWAYS_SEARCH_USER_PATHS = NO;
				CLANG_ANALYZER_NONNULL = YES;
				CLANG_ANALYZER_NUMBER_OBJECT_CONVERSION = YES_AGGRESSIVE;
				CLANG_CXX_LANGUAGE_STANDARD = "gnu++17";
				CLANG_ENABLE_MODULES = YES;
				CLANG_ENABLE_OBJC_ARC = YES;
				CLANG_ENABLE_OBJC_WEAK = YES;
				CLANG_WARN_BLOCK_CAPTURE_AUTORELEASING = YES;
				CLANG_WARN_BOOL_CONVERSION = YES;
				CLANG_WARN_COMMA = YES;
				CLANG_WARN_CONSTANT_CONVERSION = YES;
				CLANG_WARN_DEPRECATED_OBJC_IMPLEMENTATIONS = YES;
				CLANG_WARN_DIRECT_OBJC_ISA_USAGE = YES_ERROR;
				CLANG_WARN_DOCUMENTATION_COMMENTS = YES;
				CLANG_WARN_EMPTY_BODY = YES;
				CLANG_WARN_ENUM_CONVERSION = YES;
				CLANG_WARN_INFINITE_RECURSION = YES;
				CLANG_WARN_INT_CONVERSION = YES;
				CLANG_WARN_NON_LITERAL_NULL_CONVERSION = YES;
				CLANG_WARN_OBJC_IMPLICIT_RETAIN_SELF = YES;
				CLANG_WARN_OBJC_LITERAL_CONVERSION = YES;
				CLANG_WARN_OBJC_ROOT_CLASS = YES_ERROR;
				CLANG_WARN_QUOTED_INCLUDE_IN_FRAMEWORK_HEADER = YES;
				CLANG_WARN_RANGE_LOOP_ANALYSIS = YES;
				CLANG_WARN_STRICT_PROTOTYPES = YES;
				CLANG_WARN_SUSPICIOUS_MOVE = YES;
				CLANG_WARN_UNGUARDED_AVAILABILITY = YES_AGGRESSIVE;
				CLANG_WARN_UNREACHABLE_CODE = YES;
				CLANG_WARN__DUPLICATE_METHOD_MATCH = YES;
				COPY_PHASE_STRIP = NO;
				DEBUG_INFORMATION_FORMAT = dwarf;
				ENABLE_STRICT_OBJC_MSGSEND = YES;
				ENABLE_TESTABILITY = YES;
				GCC_C_LANGUAGE_STANDARD = gnu11;
				GCC_DYNAMIC_NO_PIC = NO;
				GCC_NO_COMMON_BLOCKS = YES;
				GCC_OPTIMIZATION_LEVEL = 0;
				GCC_PREPROCESSOR_DEFINITIONS = (
					"DEBUG=1",
					"$(inherited)",
				);
				GCC_WARN_64_TO_32_BIT_CONVERSION = YES;
				GCC_WARN_ABOUT_RETURN_TYPE = YES_ERROR;
				GCC_WARN_UNDECLARED_SELECTOR = YES;
				GCC_WARN_UNINITIALIZED_AUTOS = YES_AGGRESSIVE;
				GCC_WARN_UNUSED_FUNCTION = YES;
				GCC_WARN_UNUSED_VARIABLE = YES;
				IPHONEOS_DEPLOYMENT_TARGET = 15.0;
				MTL_ENABLE_DEBUG_INFO = INCLUDE_SOURCE;
				MTL_FAST_MATH = YES;
				ONLY_ACTIVE_ARCH = YES;
				SDKROOT = iphoneos;
				SWIFT_ACTIVE_COMPILATION_CONDITIONS = DEBUG;
				SWIFT_EMIT_LOC_STRINGS = YES;
				SWIFT_OPTIMIZATION_LEVEL = "-Onone";
			};
			name = Debug;
		};
		16F0E6A228C6308800FDD12C /* Release */ = {
			isa = XCBuildConfiguration;
			buildSettings = {
				ALWAYS_SEARCH_USER_PATHS = NO;
				CLANG_ANALYZER_NONNULL = YES;
				CLANG_ANALYZER_NUMBER_OBJECT_CONVERSION = YES_AGGRESSIVE;
				CLANG_CXX_LANGUAGE_STANDARD = "gnu++17";
				CLANG_ENABLE_MODULES = YES;
				CLANG_ENABLE_OBJC_ARC = YES;
				CLANG_ENABLE_OBJC_WEAK = YES;
				CLANG_WARN_BLOCK_CAPTURE_AUTORELEASING = YES;
				CLANG_WARN_BOOL_CONVERSION = YES;
				CLANG_WARN_COMMA = YES;
				CLANG_WARN_CONSTANT_CONVERSION = YES;
				CLANG_WARN_DEPRECATED_OBJC_IMPLEMENTATIONS = YES;
				CLANG_WARN_DIRECT_OBJC_ISA_USAGE = YES_ERROR;
				CLANG_WARN_DOCUMENTATION_COMMENTS = YES;
				CLANG_WARN_EMPTY_BODY = YES;
				CLANG_WARN_ENUM_CONVERSION = YES;
				CLANG_WARN_INFINITE_RECURSION = YES;
				CLANG_WARN_INT_CONVERSION = YES;
				CLANG_WARN_NON_LITERAL_NULL_CONVERSION = YES;
				CLANG_WARN_OBJC_IMPLICIT_RETAIN_SELF = YES;
				CLANG_WARN_OBJC_LITERAL_CONVERSION = YES;
				CLANG_WARN_OBJC_ROOT_CLASS = YES_ERROR;
				CLANG_WARN_QUOTED_INCLUDE_IN_FRAMEWORK_HEADER = YES;
				CLANG_WARN_RANGE_LOOP_ANALYSIS = YES;
				CLANG_WARN_STRICT_PROTOTYPES = YES;
				CLANG_WARN_SUSPICIOUS_MOVE = YES;
				CLANG_WARN_UNGUARDED_AVAILABILITY = YES_AGGRESSIVE;
				CLANG_WARN_UNREACHABLE_CODE = YES;
				CLANG_WARN__DUPLICATE_METHOD_MATCH = YES;
				COPY_PHASE_STRIP = NO;
				DEBUG_INFORMATION_FORMAT = "dwarf-with-dsym";
				ENABLE_NS_ASSERTIONS = NO;
				ENABLE_STRICT_OBJC_MSGSEND = YES;
				ENABLE_TESTABILITY = YES;
				GCC_C_LANGUAGE_STANDARD = gnu11;
				GCC_NO_COMMON_BLOCKS = YES;
				GCC_WARN_64_TO_32_BIT_CONVERSION = YES;
				GCC_WARN_ABOUT_RETURN_TYPE = YES_ERROR;
				GCC_WARN_UNDECLARED_SELECTOR = YES;
				GCC_WARN_UNINITIALIZED_AUTOS = YES_AGGRESSIVE;
				GCC_WARN_UNUSED_FUNCTION = YES;
				GCC_WARN_UNUSED_VARIABLE = YES;
				IPHONEOS_DEPLOYMENT_TARGET = 15.0;
				MTL_ENABLE_DEBUG_INFO = NO;
				MTL_FAST_MATH = YES;
				ONLY_ACTIVE_ARCH = YES;
				SDKROOT = iphoneos;
				SWIFT_COMPILATION_MODE = wholemodule;
				SWIFT_EMIT_LOC_STRINGS = YES;
				SWIFT_OPTIMIZATION_LEVEL = "-O";
				VALIDATE_PRODUCT = YES;
			};
			name = Release;
		};
		16F0E6A428C6308800FDD12C /* Debug */ = {
			isa = XCBuildConfiguration;
			buildSettings = {
				ASSETCATALOG_COMPILER_APPICON_NAME = AppIcon;
				ASSETCATALOG_COMPILER_GLOBAL_ACCENT_COLOR_NAME = AccentColor;
				ASSETCATALOG_COMPILER_INCLUDE_ALL_APPICON_ASSETS = YES;
				CODE_SIGN_ENTITLEMENTS = "SMSWithoutBorders-Production/SMSWithoutBorders-Production.entitlements";
				CODE_SIGN_IDENTITY = "Apple Development";
				CODE_SIGN_STYLE = Automatic;
				CURRENT_PROJECT_VERSION = 16;
				DEVELOPMENT_ASSET_PATHS = "\"SMSWithoutBorders-Production/Preview Content\"";
				DEVELOPMENT_TEAM = 7J8Q6GLPGN;
				ENABLE_PREVIEWS = YES;
				GENERATE_INFOPLIST_FILE = YES;
				INFOPLIST_FILE = "SMSWithoutBorders-Production/Info.plist";
				INFOPLIST_KEY_CFBundleDisplayName = RelaySMS;
				INFOPLIST_KEY_LSApplicationCategoryType = "public.app-category.utilities";
				INFOPLIST_KEY_UIApplicationSceneManifest_Generation = YES;
				INFOPLIST_KEY_UIApplicationSupportsIndirectInputEvents = YES;
				INFOPLIST_KEY_UILaunchScreen_Generation = YES;
				INFOPLIST_KEY_UISupportedInterfaceOrientations_iPad = "UIInterfaceOrientationPortrait UIInterfaceOrientationPortraitUpsideDown UIInterfaceOrientationLandscapeLeft UIInterfaceOrientationLandscapeRight";
				INFOPLIST_KEY_UISupportedInterfaceOrientations_iPhone = "UIInterfaceOrientationPortrait UIInterfaceOrientationLandscapeLeft UIInterfaceOrientationLandscapeRight";
				IPHONEOS_DEPLOYMENT_TARGET = 15.0;
				LD_RUNPATH_SEARCH_PATHS = (
					"$(inherited)",
					"@executable_path/Frameworks",
				);
				MARKETING_VERSION = 0.0.16;
				PRODUCT_BUNDLE_IDENTIFIER = com.afkanerd.smswithoutborders.relaysms;
				PRODUCT_NAME = SMSWithoutBorders;
				PROVISIONING_PROFILE_SPECIFIER = "";
				SUPPORTED_PLATFORMS = "iphoneos iphonesimulator";
				SUPPORTS_MACCATALYST = NO;
				SUPPORTS_MAC_DESIGNED_FOR_IPHONE_IPAD = NO;
				SWIFT_EMIT_LOC_STRINGS = YES;
				SWIFT_VERSION = 5.0;
				TARGETED_DEVICE_FAMILY = 1;
			};
			name = Debug;
		};
		16F0E6A528C6308800FDD12C /* Release */ = {
			isa = XCBuildConfiguration;
			buildSettings = {
				ASSETCATALOG_COMPILER_APPICON_NAME = AppIcon;
				ASSETCATALOG_COMPILER_GLOBAL_ACCENT_COLOR_NAME = AccentColor;
				ASSETCATALOG_COMPILER_INCLUDE_ALL_APPICON_ASSETS = YES;
				CODE_SIGN_ENTITLEMENTS = "SMSWithoutBorders-Production/SMSWithoutBorders-Production.entitlements";
				CODE_SIGN_IDENTITY = "Apple Development";
				CODE_SIGN_STYLE = Automatic;
				CURRENT_PROJECT_VERSION = 16;
				DEVELOPMENT_ASSET_PATHS = "\"SMSWithoutBorders-Production/Preview Content\"";
				DEVELOPMENT_TEAM = 7J8Q6GLPGN;
				ENABLE_PREVIEWS = YES;
				GENERATE_INFOPLIST_FILE = YES;
				INFOPLIST_FILE = "SMSWithoutBorders-Production/Info.plist";
				INFOPLIST_KEY_CFBundleDisplayName = RelaySMS;
				INFOPLIST_KEY_LSApplicationCategoryType = "public.app-category.utilities";
				INFOPLIST_KEY_UIApplicationSceneManifest_Generation = YES;
				INFOPLIST_KEY_UIApplicationSupportsIndirectInputEvents = YES;
				INFOPLIST_KEY_UILaunchScreen_Generation = YES;
				INFOPLIST_KEY_UISupportedInterfaceOrientations_iPad = "UIInterfaceOrientationPortrait UIInterfaceOrientationPortraitUpsideDown UIInterfaceOrientationLandscapeLeft UIInterfaceOrientationLandscapeRight";
				INFOPLIST_KEY_UISupportedInterfaceOrientations_iPhone = "UIInterfaceOrientationPortrait UIInterfaceOrientationLandscapeLeft UIInterfaceOrientationLandscapeRight";
				IPHONEOS_DEPLOYMENT_TARGET = 15.0;
				LD_RUNPATH_SEARCH_PATHS = (
					"$(inherited)",
					"@executable_path/Frameworks",
				);
				MARKETING_VERSION = 0.0.16;
				PRODUCT_BUNDLE_IDENTIFIER = com.afkanerd.smswithoutborders.relaysms;
				PRODUCT_NAME = SMSWithoutBorders;
				PROVISIONING_PROFILE_SPECIFIER = "";
				SUPPORTED_PLATFORMS = "iphoneos iphonesimulator";
				SUPPORTS_MACCATALYST = NO;
				SUPPORTS_MAC_DESIGNED_FOR_IPHONE_IPAD = NO;
				SWIFT_EMIT_LOC_STRINGS = YES;
				SWIFT_VERSION = 5.0;
				TARGETED_DEVICE_FAMILY = 1;
			};
			name = Release;
		};
		16F0E6A728C6308800FDD12C /* Debug */ = {
			isa = XCBuildConfiguration;
			buildSettings = {
				BUNDLE_LOADER = "$(TEST_HOST)";
				CODE_SIGN_STYLE = Automatic;
				CURRENT_PROJECT_VERSION = 1;
				DEVELOPMENT_TEAM = Q42NLHCB95;
				GENERATE_INFOPLIST_FILE = YES;
				IPHONEOS_DEPLOYMENT_TARGET = 15.0;
				MARKETING_VERSION = 1.0;
				PRODUCT_BUNDLE_IDENTIFIER = "com.afkanerd.smswithoutborders.SMSWithoutBorders-ProductionTests";
				PRODUCT_NAME = "$(TARGET_NAME)";
				SUPPORTED_PLATFORMS = "iphoneos iphonesimulator";
				SUPPORTS_MACCATALYST = NO;
				SUPPORTS_MAC_DESIGNED_FOR_IPHONE_IPAD = NO;
				SWIFT_EMIT_LOC_STRINGS = NO;
				SWIFT_VERSION = 5.0;
				TARGETED_DEVICE_FAMILY = 1;
				TEST_HOST = "$(BUILT_PRODUCTS_DIR)/SMSWithoutBorders.app/SMSWithoutBorders";
			};
			name = Debug;
		};
		16F0E6A828C6308800FDD12C /* Release */ = {
			isa = XCBuildConfiguration;
			buildSettings = {
				BUNDLE_LOADER = "$(TEST_HOST)";
				CODE_SIGN_STYLE = Automatic;
				CURRENT_PROJECT_VERSION = 1;
				DEVELOPMENT_TEAM = Q42NLHCB95;
				GENERATE_INFOPLIST_FILE = YES;
				IPHONEOS_DEPLOYMENT_TARGET = 15.0;
				MARKETING_VERSION = 1.0;
				PRODUCT_BUNDLE_IDENTIFIER = "com.afkanerd.smswithoutborders.SMSWithoutBorders-ProductionTests";
				PRODUCT_NAME = "$(TARGET_NAME)";
				SUPPORTED_PLATFORMS = "iphoneos iphonesimulator";
				SUPPORTS_MACCATALYST = NO;
				SUPPORTS_MAC_DESIGNED_FOR_IPHONE_IPAD = NO;
				SWIFT_EMIT_LOC_STRINGS = NO;
				SWIFT_VERSION = 5.0;
				TARGETED_DEVICE_FAMILY = 1;
				TEST_HOST = "$(BUILT_PRODUCTS_DIR)/SMSWithoutBorders.app/SMSWithoutBorders";
			};
			name = Release;
		};
		16F0E6AA28C6308800FDD12C /* Debug */ = {
			isa = XCBuildConfiguration;
			buildSettings = {
				CODE_SIGN_STYLE = Automatic;
				CURRENT_PROJECT_VERSION = 1;
				DEVELOPMENT_TEAM = "";
				GENERATE_INFOPLIST_FILE = YES;
				IPHONEOS_DEPLOYMENT_TARGET = 15.0;
				MARKETING_VERSION = 1.0;
				PRODUCT_BUNDLE_IDENTIFIER = "com.afkanerd.smswithoutborders.SMSWithoutBorders-ProductionUITests";
				PRODUCT_NAME = "$(TARGET_NAME)";
				SUPPORTED_PLATFORMS = "iphoneos iphonesimulator";
				SUPPORTS_MACCATALYST = NO;
				SUPPORTS_MAC_DESIGNED_FOR_IPHONE_IPAD = NO;
				SWIFT_EMIT_LOC_STRINGS = NO;
				SWIFT_VERSION = 5.0;
				TARGETED_DEVICE_FAMILY = 1;
				TEST_TARGET_NAME = "SMSWithoutBorders-Production";
			};
			name = Debug;
		};
		16F0E6AB28C6308800FDD12C /* Release */ = {
			isa = XCBuildConfiguration;
			buildSettings = {
				CODE_SIGN_STYLE = Automatic;
				CURRENT_PROJECT_VERSION = 1;
				DEVELOPMENT_TEAM = "";
				GENERATE_INFOPLIST_FILE = YES;
				IPHONEOS_DEPLOYMENT_TARGET = 15.0;
				MARKETING_VERSION = 1.0;
				PRODUCT_BUNDLE_IDENTIFIER = "com.afkanerd.smswithoutborders.SMSWithoutBorders-ProductionUITests";
				PRODUCT_NAME = "$(TARGET_NAME)";
				SUPPORTED_PLATFORMS = "iphoneos iphonesimulator";
				SUPPORTS_MACCATALYST = NO;
				SUPPORTS_MAC_DESIGNED_FOR_IPHONE_IPAD = NO;
				SWIFT_EMIT_LOC_STRINGS = NO;
				SWIFT_VERSION = 5.0;
				TARGETED_DEVICE_FAMILY = 1;
				TEST_TARGET_NAME = "SMSWithoutBorders-Production";
			};
			name = Release;
		};
/* End XCBuildConfiguration section */

/* Begin XCConfigurationList section */
		16F0E67A28C6308600FDD12C /* Build configuration list for PBXProject "SMSWithoutBorders-Production" */ = {
			isa = XCConfigurationList;
			buildConfigurations = (
				16F0E6A128C6308800FDD12C /* Debug */,
				16F0E6A228C6308800FDD12C /* Release */,
			);
			defaultConfigurationIsVisible = 0;
			defaultConfigurationName = Release;
		};
		16F0E6A328C6308800FDD12C /* Build configuration list for PBXNativeTarget "SMSWithoutBorders-Production" */ = {
			isa = XCConfigurationList;
			buildConfigurations = (
				16F0E6A428C6308800FDD12C /* Debug */,
				16F0E6A528C6308800FDD12C /* Release */,
			);
			defaultConfigurationIsVisible = 0;
			defaultConfigurationName = Release;
		};
		16F0E6A628C6308800FDD12C /* Build configuration list for PBXNativeTarget "SMSWithoutBorders-ProductionTests" */ = {
			isa = XCConfigurationList;
			buildConfigurations = (
				16F0E6A728C6308800FDD12C /* Debug */,
				16F0E6A828C6308800FDD12C /* Release */,
			);
			defaultConfigurationIsVisible = 0;
			defaultConfigurationName = Release;
		};
		16F0E6A928C6308800FDD12C /* Build configuration list for PBXNativeTarget "SMSWithoutBorders-ProductionUITests" */ = {
			isa = XCConfigurationList;
			buildConfigurations = (
				16F0E6AA28C6308800FDD12C /* Debug */,
				16F0E6AB28C6308800FDD12C /* Release */,
			);
			defaultConfigurationIsVisible = 0;
			defaultConfigurationName = Release;
		};
/* End XCConfigurationList section */

/* Begin XCRemoteSwiftPackageReference section */
		3B082A9A2C3D24C700C7DE41 /* XCRemoteSwiftPackageReference "SwiftSVG" */ = {
			isa = XCRemoteSwiftPackageReference;
			repositoryURL = "https://github.com/mchoe/SwiftSVG";
			requirement = {
				branch = master;
				kind = branch;
			};
		};
		3B6ADC482C5B960000D4EB30 /* XCRemoteSwiftPackageReference "lib_signal_double_ratchet_ios" */ = {
			isa = XCRemoteSwiftPackageReference;
			repositoryURL = "https://github.com/smswithoutborders/lib_signal_double_ratchet_ios";
			requirement = {
				branch = main;
				kind = branch;
			};
		};
		3BCBA3A52C49ADFD00736B9B /* XCRemoteSwiftPackageReference "swiftui-cached-async-image" */ = {
			isa = XCRemoteSwiftPackageReference;
			repositoryURL = "https://github.com/lorenzofiamingo/swiftui-cached-async-image.git";
			requirement = {
				kind = upToNextMajorVersion;
				minimumVersion = 2.1.1;
			};
		};
		3BF1176E2C28F3F4003D5BB6 /* XCRemoteSwiftPackageReference "grpc-swift" */ = {
			isa = XCRemoteSwiftPackageReference;
			repositoryURL = "https://github.com/grpc/grpc-swift.git";
			requirement = {
				kind = upToNextMajorVersion;
				minimumVersion = 1.24.2;
			};
		};
		3BF117AA2C2F5154003D5BB6 /* XCRemoteSwiftPackageReference "fernet" */ = {
			isa = XCRemoteSwiftPackageReference;
			repositoryURL = "https://github.com/sherlockwisdom/fernet.git";
			requirement = {
				branch = main;
				kind = branch;
			};
		};
		3BF117B32C30F2BF003D5BB6 /* XCRemoteSwiftPackageReference "CryptoSwift" */ = {
			isa = XCRemoteSwiftPackageReference;
			repositoryURL = "https://github.com/krzyzanowskim/CryptoSwift.git";
			requirement = {
				kind = upToNextMajorVersion;
				minimumVersion = 1.8.2;
			};
		};
		3BF3D1512C32D9FF003A3AFB /* XCRemoteSwiftPackageReference "CountryPicker" */ = {
			isa = XCRemoteSwiftPackageReference;
			repositoryURL = "https://github.com/mobven/CountryPicker.git";
			requirement = {
				kind = upToNextMajorVersion;
				minimumVersion = 2.0.3;
			};
		};
		F6F2D1CE2DAE88600017BD59 /* XCRemoteSwiftPackageReference "swift-protobuf" */ = {
			isa = XCRemoteSwiftPackageReference;
			repositoryURL = "https://github.com/apple/swift-protobuf.git";
			requirement = {
				kind = upToNextMajorVersion;
				minimumVersion = 1.28.2;
			};
		};
/* End XCRemoteSwiftPackageReference section */

/* Begin XCSwiftPackageProductDependency section */
		3B082A9B2C3D24C700C7DE41 /* SwiftSVG */ = {
			isa = XCSwiftPackageProductDependency;
			package = 3B082A9A2C3D24C700C7DE41 /* XCRemoteSwiftPackageReference "SwiftSVG" */;
			productName = SwiftSVG;
		};
		3B7EEE3A2C5BD87D00611092 /* SwobDoubleRatchet */ = {
			isa = XCSwiftPackageProductDependency;
			package = 3B6ADC482C5B960000D4EB30 /* XCRemoteSwiftPackageReference "lib_signal_double_ratchet_ios" */;
			productName = SwobDoubleRatchet;
		};
		3B7EEE3C2C5BD92400611092 /* SwobDoubleRatchet */ = {
			isa = XCSwiftPackageProductDependency;
			package = 3B6ADC482C5B960000D4EB30 /* XCRemoteSwiftPackageReference "lib_signal_double_ratchet_ios" */;
			productName = SwobDoubleRatchet;
		};
		3BCBA3A62C49ADFD00736B9B /* CachedAsyncImage */ = {
			isa = XCSwiftPackageProductDependency;
			package = 3BCBA3A52C49ADFD00736B9B /* XCRemoteSwiftPackageReference "swiftui-cached-async-image" */;
			productName = CachedAsyncImage;
		};
		3BF1176F2C28F3F4003D5BB6 /* CGRPCZlib */ = {
			isa = XCSwiftPackageProductDependency;
			package = 3BF1176E2C28F3F4003D5BB6 /* XCRemoteSwiftPackageReference "grpc-swift" */;
			productName = CGRPCZlib;
		};
		3BF117712C28F3F4003D5BB6 /* GRPC */ = {
			isa = XCSwiftPackageProductDependency;
			package = 3BF1176E2C28F3F4003D5BB6 /* XCRemoteSwiftPackageReference "grpc-swift" */;
			productName = GRPC;
		};
		3BF117732C28F3F4003D5BB6 /* GRPCReflectionService */ = {
			isa = XCSwiftPackageProductDependency;
			package = 3BF1176E2C28F3F4003D5BB6 /* XCRemoteSwiftPackageReference "grpc-swift" */;
			productName = GRPCReflectionService;
		};
		3BF117772C28F3F4003D5BB6 /* protoc-gen-grpc-swift */ = {
			isa = XCSwiftPackageProductDependency;
			package = 3BF1176E2C28F3F4003D5BB6 /* XCRemoteSwiftPackageReference "grpc-swift" */;
			productName = "protoc-gen-grpc-swift";
		};
		3BF1177A2C28F5BA003D5BB6 /* GRPC */ = {
			isa = XCSwiftPackageProductDependency;
			package = 3BF1176E2C28F3F4003D5BB6 /* XCRemoteSwiftPackageReference "grpc-swift" */;
			productName = GRPC;
		};
		3BF1177C2C28F5C0003D5BB6 /* GRPC */ = {
			isa = XCSwiftPackageProductDependency;
			package = 3BF1176E2C28F3F4003D5BB6 /* XCRemoteSwiftPackageReference "grpc-swift" */;
			productName = GRPC;
		};
		3BF117922C2B4EB6003D5BB6 /* CGRPCZlib */ = {
			isa = XCSwiftPackageProductDependency;
			package = 3BF1176E2C28F3F4003D5BB6 /* XCRemoteSwiftPackageReference "grpc-swift" */;
			productName = CGRPCZlib;
		};
		3BF117942C2B4EB6003D5BB6 /* GRPCReflectionService */ = {
			isa = XCSwiftPackageProductDependency;
			package = 3BF1176E2C28F3F4003D5BB6 /* XCRemoteSwiftPackageReference "grpc-swift" */;
			productName = GRPCReflectionService;
		};
		3BF117982C2B4EB6003D5BB6 /* protoc-gen-grpc-swift */ = {
			isa = XCSwiftPackageProductDependency;
			package = 3BF1176E2C28F3F4003D5BB6 /* XCRemoteSwiftPackageReference "grpc-swift" */;
			productName = "protoc-gen-grpc-swift";
		};
		3BF117AB2C2F57A8003D5BB6 /* Fernet */ = {
			isa = XCSwiftPackageProductDependency;
			package = 3BF117AA2C2F5154003D5BB6 /* XCRemoteSwiftPackageReference "fernet" */;
			productName = Fernet;
		};
		3BF117B12C30E1F9003D5BB6 /* Fernet */ = {
			isa = XCSwiftPackageProductDependency;
			package = 3BF117AA2C2F5154003D5BB6 /* XCRemoteSwiftPackageReference "fernet" */;
			productName = Fernet;
		};
		3BF117B42C30F2BF003D5BB6 /* CryptoSwift */ = {
			isa = XCSwiftPackageProductDependency;
			package = 3BF117B32C30F2BF003D5BB6 /* XCRemoteSwiftPackageReference "CryptoSwift" */;
			productName = CryptoSwift;
		};
		3BF3D1522C32DC6B003A3AFB /* CountryPicker */ = {
			isa = XCSwiftPackageProductDependency;
			package = 3BF3D1512C32D9FF003A3AFB /* XCRemoteSwiftPackageReference "CountryPicker" */;
			productName = CountryPicker;
		};
		3BF3D1632C349907003A3AFB /* CryptoSwift */ = {
			isa = XCSwiftPackageProductDependency;
			package = 3BF117B32C30F2BF003D5BB6 /* XCRemoteSwiftPackageReference "CryptoSwift" */;
			productName = CryptoSwift;
		};
		F6F2D1CF2DAE88790017BD59 /* SwiftProtobuf */ = {
			isa = XCSwiftPackageProductDependency;
			package = F6F2D1CE2DAE88600017BD59 /* XCRemoteSwiftPackageReference "swift-protobuf" */;
			productName = SwiftProtobuf;
		};
/* End XCSwiftPackageProductDependency section */
	};
	rootObject = 16F0E67728C6308600FDD12C /* Project object */;
}
