{
  "originHash" : "812bbd101bdf7f5bd65d142e189963408131a8045db45723d8c20e8d67dd2b0b",
  "pins" : [
    {
      "identity" : "appauth-ios",
      "kind" : "remoteSourceControl",
      "location" : "https://github.com/openid/AppAuth-iOS.git",
      "state" : {
        "revision" : "c89ed571ae140f8eb1142735e6e23d7bb8c34cb2",
        "version" : "1.7.5"
      }
    }
  ],
  "version" : 3
}
